<?xml version="1.0" encoding="utf-8"?>
<Project ToolsVersion="4.0" xmlns="http://schemas.microsoft.com/developer/msbuild/2003">
  <ItemGroup>
    <ClCompile Include="src\ofApp.cpp">
      <Filter>src</Filter>
    </ClCompile>
    <ClCompile Include="src\main.cpp">
      <Filter>src</Filter>
    </ClCompile>
  </ItemGroup>
  <ItemGroup>
    <Filter Include="src">
      <UniqueIdentifier>{d8376475-7454-4a24-b08a-aac121d3ad6f}</UniqueIdentifier>
    </Filter>
    <Filter Include="res">
      <UniqueIdentifier>{9ccbe672-ffe1-4d45-944f-95966ca636c3}</UniqueIdentifier>
    </Filter>
    <Filter Include="shaders">
      <UniqueIdentifier>{e6c7762c-485a-4afd-b3e2-c50e94ed4b1a}</UniqueIdentifier>
    </Filter>
  </ItemGroup>
  <ItemGroup>
    <ClInclude Include="src\ofApp.h">
      <Filter>src</Filter>
    </ClInclude>
  </ItemGroup>
  <ItemGroup>
    <ResourceCompile Include="icon.rc" />
  </ItemGroup>
  <ItemGroup>
    <CopyFileToFolders Include="res\logo.svg">
      <Filter>res</Filter>
    </CopyFileToFolders>
    <CopyFileToFolders Include="src\shaders\chromatic.frag">
      <Filter>shaders</Filter>
    </CopyFileToFolders>
    <CopyFileToFolders Include="src\shaders\chromatic.vert">
      <Filter>shaders</Filter>
    </CopyFileToFolders>
    <CopyFileToFolders Include="res\logo.png">
      <Filter>res</Filter>
    </CopyFileToFolders>
    <CopyFileToFolders Include="src\shaders\blur.frag">
      <Filter>shaders</Filter>
    </CopyFileToFolders>
    <CopyFileToFolders Include="src\shaders\blur.vert">
      <Filter>shaders</Filter>
    </CopyFileToFolders>
  </ItemGroup>
</Project>