<?xml version="1.0"?>
<Project ToolsVersion="4.0" xmlns="http://schemas.microsoft.com/developer/msbuild/2003">
	<ItemGroup>
		<ClCompile Include="src\ofApp.cpp">
			<Filter>src</Filter>
		</ClCompile>
		<ClCompile Include="src\main.cpp">
			<Filter>src</Filter>
		</ClCompile>
		<ClCompile Include="src\main.cpp">
			<Filter>src</Filter>
		</ClCompile>
		<ClCompile Include="src\ofApp.cpp">
			<Filter>src</Filter>
		</ClCompile>
		<ClCompile Include="..\openFrameworks\addons\ofxOpenCv\src\ofxCvColorImage.cpp">
			<Filter>addons\ofxOpenCv\src</Filter>
		</ClCompile>
		<ClCompile Include="..\openFrameworks\addons\ofxOpenCv\src\ofxCvContourFinder.cpp">
			<Filter>addons\ofxOpenCv\src</Filter>
		</ClCompile>
		<ClCompile Include="..\openFrameworks\addons\ofxOpenCv\src\ofxCvFloatImage.cpp">
			<Filter>addons\ofxOpenCv\src</Filter>
		</ClCompile>
		<ClCompile Include="..\openFrameworks\addons\ofxOpenCv\src\ofxCvGrayscaleImage.cpp">
			<Filter>addons\ofxOpenCv\src</Filter>
		</ClCompile>
		<ClCompile Include="..\openFrameworks\addons\ofxOpenCv\src\ofxCvHaarFinder.cpp">
			<Filter>addons\ofxOpenCv\src</Filter>
		</ClCompile>
		<ClCompile Include="..\openFrameworks\addons\ofxOpenCv\src\ofxCvImage.cpp">
			<Filter>addons\ofxOpenCv\src</Filter>
		</ClCompile>
		<ClCompile Include="..\openFrameworks\addons\ofxOpenCv\src\ofxCvShortImage.cpp">
			<Filter>addons\ofxOpenCv\src</Filter>
		</ClCompile>
	</ItemGroup>
	<ItemGroup>
		<Filter Include="src">
			<UniqueIdentifier>{d8376475-7454-4a24-b08a-aac121d3ad6f}</UniqueIdentifier>
		</Filter>
		<Filter Include="addons">
			<UniqueIdentifier>{4563E1AF--B37-1-43-BD-A-997-B9F2B9D96C6D}</UniqueIdentifier>
		</Filter>
		<Filter Include="addons\ofxOpenCv">
			<UniqueIdentifier>{93E82E36--122-0-4E-8C-A-7B2-2EA8FD50F9AA}</UniqueIdentifier>
		</Filter>
		<Filter Include="addons\ofxOpenCv\src">
			<UniqueIdentifier>{02790D4F--53A-A-43-F6-8-E13-DDCF25F50FD2}</UniqueIdentifier>
		</Filter>
		<Filter Include="addons\ofxOpenCv\libs">
			<UniqueIdentifier>{4F2BBCC3--578-1-4E-51-B-907-21C19EA0913D}</UniqueIdentifier>
		</Filter>
		<Filter Include="addons\ofxOpenCv\libs\ippicv">
			<UniqueIdentifier>{BEF62E50--54A-0-47-EE-A-E28-60C10A3B2BD5}</UniqueIdentifier>
		</Filter>
		<Filter Include="addons\ofxOpenCv\libs\ippicv\ippicv">
			<UniqueIdentifier>{774B1B70--6CD-A-4D-4E-8-D0F-5935AA361011}</UniqueIdentifier>
		</Filter>
		<Filter Include="addons\ofxOpenCv\libs\ippicv\ippicv\include">
			<UniqueIdentifier>{A0A0804D--298-8-48-52-A-4F7-B990139D1AF2}</UniqueIdentifier>
		</Filter>
		<Filter Include="addons\ofxOpenCv\libs\opencv">
			<UniqueIdentifier>{14C2B242--489-2-4F-A3-9-96D-FEE646AE8433}</UniqueIdentifier>
		</Filter>
		<Filter Include="addons\ofxOpenCv\libs\opencv\opencv">
			<UniqueIdentifier>{5AA1249E--A0D-3-4C-39-B-E3F-E0A3AC6BEE49}</UniqueIdentifier>
		</Filter>
		<Filter Include="addons\ofxOpenCv\libs\opencv\opencv\include">
			<UniqueIdentifier>{3B030DDE--1E9-7-4B-B0-8-EB8-F1130FD4AF3D}</UniqueIdentifier>
		</Filter>
		<Filter Include="addons\ofxOpenCv\libs\opencv\opencv\include\opencv2">
			<UniqueIdentifier>{CB8A8301--2A5-A-41-AE-B-F9C-5CAF2281854A}</UniqueIdentifier>
		</Filter>
		<Filter Include="addons\ofxOpenCv\libs\opencv\opencv\include\opencv2\calib3d">
			<UniqueIdentifier>{DDA64775--F0E-0-46-00-A-62D-791F5E7EECCB}</UniqueIdentifier>
		</Filter>
		<Filter Include="addons\ofxOpenCv\libs\opencv\opencv\include\opencv2\core">
			<UniqueIdentifier>{639A0E0D--0C5-7-4F-61-8-274-CCA6018CDB04}</UniqueIdentifier>
		</Filter>
		<Filter Include="addons\ofxOpenCv\libs\opencv\opencv\include\opencv2\core\cuda">
			<UniqueIdentifier>{2CE91C15--3A0-E-4E-D6-9-584-4AD7C2D867A3}</UniqueIdentifier>
		</Filter>
		<Filter Include="addons\ofxOpenCv\libs\opencv\opencv\include\opencv2\core\cuda\detail">
			<UniqueIdentifier>{2D71721B--F83-F-48-EA-9-126-18DEDFCC4FEA}</UniqueIdentifier>
		</Filter>
		<Filter Include="addons\ofxOpenCv\libs\opencv\opencv\include\opencv2\core\detail">
			<UniqueIdentifier>{2F02E99F--B47-D-43-B4-B-40D-33F66D2DFC4E}</UniqueIdentifier>
		</Filter>
		<Filter Include="addons\ofxOpenCv\libs\opencv\opencv\include\opencv2\core\hal">
			<UniqueIdentifier>{7946025D--797-E-4D-56-9-838-90B532A84C35}</UniqueIdentifier>
		</Filter>
		<Filter Include="addons\ofxOpenCv\libs\opencv\opencv\include\opencv2\core\llapi">
			<UniqueIdentifier>{D9CDE403--7D9-F-46-51-8-74E-312C54B5B2E4}</UniqueIdentifier>
		</Filter>
		<Filter Include="addons\ofxOpenCv\libs\opencv\opencv\include\opencv2\core\opencl">
			<UniqueIdentifier>{06389330--3B7-5-44-75-8-66D-D12E7C4135C9}</UniqueIdentifier>
		</Filter>
		<Filter Include="addons\ofxOpenCv\libs\opencv\opencv\include\opencv2\core\opencl\runtime">
			<UniqueIdentifier>{3EC41ADD--A6A-6-43-7A-B-767-306CFDC2DA72}</UniqueIdentifier>
		</Filter>
		<Filter Include="addons\ofxOpenCv\libs\opencv\opencv\include\opencv2\core\opencl\runtime\autogenerated">
			<UniqueIdentifier>{E8C2BFF5--892-8-4D-F8-B-05E-C8DD8EACF8EE}</UniqueIdentifier>
		</Filter>
		<Filter Include="addons\ofxOpenCv\libs\opencv\opencv\include\opencv2\core\openvx">
			<UniqueIdentifier>{A108ECFD--499-5-48-5F-8-F6A-49BB554E15DA}</UniqueIdentifier>
		</Filter>
		<Filter Include="addons\ofxOpenCv\libs\opencv\opencv\include\opencv2\core\parallel">
			<UniqueIdentifier>{4EF7ADCE--D45-C-41-39-9-EAF-A4AA5A110D6D}</UniqueIdentifier>
		</Filter>
		<Filter Include="addons\ofxOpenCv\libs\opencv\opencv\include\opencv2\core\parallel\backend">
			<UniqueIdentifier>{541C0844--5A6-A-45-99-8-4D4-2C10FB1FF595}</UniqueIdentifier>
		</Filter>
		<Filter Include="addons\ofxOpenCv\libs\opencv\opencv\include\opencv2\core\private">
			<UniqueIdentifier>{E916510B--2FF-8-49-D1-8-E59-93DD76CB3364}</UniqueIdentifier>
		</Filter>
		<Filter Include="addons\ofxOpenCv\libs\opencv\opencv\include\opencv2\core\utils">
			<UniqueIdentifier>{E602F06C--E28-5-4B-0D-9-D17-8E89E1A5A01B}</UniqueIdentifier>
		</Filter>
		<Filter Include="addons\ofxOpenCv\libs\opencv\opencv\include\opencv2\dnn">
			<UniqueIdentifier>{99493F37--9D7-A-4A-3F-9-5A7-C3849B27EE64}</UniqueIdentifier>
		</Filter>
		<Filter Include="addons\ofxOpenCv\libs\opencv\opencv\include\opencv2\dnn\utils">
			<UniqueIdentifier>{F9B8078E--311-7-4D-E9-A-DA5-527936BFAACD}</UniqueIdentifier>
		</Filter>
		<Filter Include="addons\ofxOpenCv\libs\opencv\opencv\include\opencv2\features2d">
			<UniqueIdentifier>{2FB6DCA0--3EE-7-4E-6E-B-BEC-73D36D515F92}</UniqueIdentifier>
		</Filter>
		<Filter Include="addons\ofxOpenCv\libs\opencv\opencv\include\opencv2\features2d\hal">
			<UniqueIdentifier>{05816EC8--104-2-4E-18-B-097-DCCCDFD37162}</UniqueIdentifier>
		</Filter>
		<Filter Include="addons\ofxOpenCv\libs\opencv\opencv\include\opencv2\flann">
			<UniqueIdentifier>{BF0E1690--312-A-41-05-9-85F-5A387538DEAA}</UniqueIdentifier>
		</Filter>
		<Filter Include="addons\ofxOpenCv\libs\opencv\opencv\include\opencv2\gapi">
			<UniqueIdentifier>{7015EE8D--5E3-0-4B-72-8-BD0-B7380351DD17}</UniqueIdentifier>
		</Filter>
		<Filter Include="addons\ofxOpenCv\libs\opencv\opencv\include\opencv2\gapi\cpu">
			<UniqueIdentifier>{DE86B8FC--875-9-44-FA-A-A21-C131F7740BAA}</UniqueIdentifier>
		</Filter>
		<Filter Include="addons\ofxOpenCv\libs\opencv\opencv\include\opencv2\gapi\fluid">
			<UniqueIdentifier>{CFF87B8E--D0B-B-46-06-A-AC7-7941656D5165}</UniqueIdentifier>
		</Filter>
		<Filter Include="addons\ofxOpenCv\libs\opencv\opencv\include\opencv2\gapi\gpu">
			<UniqueIdentifier>{AA9487BF--985-9-41-68-A-1CE-1914FAD5A2E1}</UniqueIdentifier>
		</Filter>
		<Filter Include="addons\ofxOpenCv\libs\opencv\opencv\include\opencv2\gapi\infer">
			<UniqueIdentifier>{058C75FD--D77-E-48-3F-A-F44-F7F3F10D665F}</UniqueIdentifier>
		</Filter>
		<Filter Include="addons\ofxOpenCv\libs\opencv\opencv\include\opencv2\gapi\oak">
			<UniqueIdentifier>{E5CC304D--856-0-43-16-A-429-85C354698B61}</UniqueIdentifier>
		</Filter>
		<Filter Include="addons\ofxOpenCv\libs\opencv\opencv\include\opencv2\gapi\ocl">
			<UniqueIdentifier>{431BE838--B5D-6-41-84-9-F6A-00A7CF291140}</UniqueIdentifier>
		</Filter>
		<Filter Include="addons\ofxOpenCv\libs\opencv\opencv\include\opencv2\gapi\own">
			<UniqueIdentifier>{661AABD0--C53-1-40-64-9-5C9-73FB3DE3F9FA}</UniqueIdentifier>
		</Filter>
		<Filter Include="addons\ofxOpenCv\libs\opencv\opencv\include\opencv2\gapi\plaidml">
			<UniqueIdentifier>{017EA295--4AC-1-49-BA-9-3AE-0D26160FE314}</UniqueIdentifier>
		</Filter>
		<Filter Include="addons\ofxOpenCv\libs\opencv\opencv\include\opencv2\gapi\python">
			<UniqueIdentifier>{687AB68E--346-7-40-92-B-8E3-BDF5D451766A}</UniqueIdentifier>
		</Filter>
		<Filter Include="addons\ofxOpenCv\libs\opencv\opencv\include\opencv2\gapi\render">
			<UniqueIdentifier>{1CFE5646--736-5-45-BA-9-FB6-76400B1C8A48}</UniqueIdentifier>
		</Filter>
		<Filter Include="addons\ofxOpenCv\libs\opencv\opencv\include\opencv2\gapi\s11n">
			<UniqueIdentifier>{BD413DFB--6DD-7-45-1A-A-3CA-D99A86D1BFEA}</UniqueIdentifier>
		</Filter>
		<Filter Include="addons\ofxOpenCv\libs\opencv\opencv\include\opencv2\gapi\streaming">
			<UniqueIdentifier>{3FAEE0E3--154-A-4C-B6-A-6A5-EBCDCB462E62}</UniqueIdentifier>
		</Filter>
		<Filter Include="addons\ofxOpenCv\libs\opencv\opencv\include\opencv2\gapi\streaming\gstreamer">
			<UniqueIdentifier>{5043E5CF--A7B-C-47-1D-A-113-97266A6D7148}</UniqueIdentifier>
		</Filter>
		<Filter Include="addons\ofxOpenCv\libs\opencv\opencv\include\opencv2\gapi\streaming\onevpl">
			<UniqueIdentifier>{01DBECBB--809-7-40-81-8-50D-CA940F73E354}</UniqueIdentifier>
		</Filter>
		<Filter Include="addons\ofxOpenCv\libs\opencv\opencv\include\opencv2\gapi\util">
			<UniqueIdentifier>{07093B3B--0F7-0-4A-9D-8-85E-2E8FF5C93EE0}</UniqueIdentifier>
		</Filter>
		<Filter Include="addons\ofxOpenCv\libs\opencv\opencv\include\opencv2\highgui">
			<UniqueIdentifier>{D751EF17--474-2-4A-3F-8-552-D48D4804CF58}</UniqueIdentifier>
		</Filter>
		<Filter Include="addons\ofxOpenCv\libs\opencv\opencv\include\opencv2\imgcodecs">
			<UniqueIdentifier>{A0512D8A--B2D-F-40-DD-B-34B-79C944836677}</UniqueIdentifier>
		</Filter>
		<Filter Include="addons\ofxOpenCv\libs\opencv\opencv\include\opencv2\imgcodecs\legacy">
			<UniqueIdentifier>{DD0BFBC8--CB8-C-44-6B-A-47E-9CAE4B6AD13A}</UniqueIdentifier>
		</Filter>
		<Filter Include="addons\ofxOpenCv\libs\opencv\opencv\include\opencv2\imgproc">
			<UniqueIdentifier>{2463DDD0--30E-2-4B-E5-8-E66-8F00B6583DE4}</UniqueIdentifier>
		</Filter>
		<Filter Include="addons\ofxOpenCv\libs\opencv\opencv\include\opencv2\imgproc\detail">
			<UniqueIdentifier>{F3D28E66--3DC-F-40-DA-9-BB6-9EC46DA6D47B}</UniqueIdentifier>
		</Filter>
		<Filter Include="addons\ofxOpenCv\libs\opencv\opencv\include\opencv2\imgproc\hal">
			<UniqueIdentifier>{7C9E9AA4--7A2-7-48-6C-9-496-4BC7368A2E04}</UniqueIdentifier>
		</Filter>
		<Filter Include="addons\ofxOpenCv\libs\opencv\opencv\include\opencv2\ml">
			<UniqueIdentifier>{731814D0--FCF-7-4A-17-A-F1D-64EDF5A659AD}</UniqueIdentifier>
		</Filter>
		<Filter Include="addons\ofxOpenCv\libs\opencv\opencv\include\opencv2\objdetect">
			<UniqueIdentifier>{0D2A6766--C45-0-4B-F7-9-798-DD2F1BD65CFF}</UniqueIdentifier>
		</Filter>
		<Filter Include="addons\ofxOpenCv\libs\opencv\opencv\include\opencv2\photo">
			<UniqueIdentifier>{3851AB30--973-8-42-92-B-8B7-7827175736DC}</UniqueIdentifier>
		</Filter>
		<Filter Include="addons\ofxOpenCv\libs\opencv\opencv\include\opencv2\photo\legacy">
			<UniqueIdentifier>{C7458F3F--E8E-1-42-4F-8-8AD-A2DB50796B8C}</UniqueIdentifier>
		</Filter>
		<Filter Include="addons\ofxOpenCv\libs\opencv\opencv\include\opencv2\stitching">
			<UniqueIdentifier>{2131744E--3B1-F-45-D4-B-683-AD7319787CE6}</UniqueIdentifier>
		</Filter>
		<Filter Include="addons\ofxOpenCv\libs\opencv\opencv\include\opencv2\stitching\detail">
			<UniqueIdentifier>{0FC5417D--90A-1-49-02-A-F39-4220F1000399}</UniqueIdentifier>
		</Filter>
		<Filter Include="addons\ofxOpenCv\libs\opencv\opencv\include\opencv2\ts">
			<UniqueIdentifier>{AE6A4E95--2BE-B-42-4E-9-C24-78BB55D64CC1}</UniqueIdentifier>
		</Filter>
		<Filter Include="addons\ofxOpenCv\libs\opencv\opencv\include\opencv2\video">
			<UniqueIdentifier>{EA0575E3--A9E-7-45-DC-B-798-073F1EDD5814}</UniqueIdentifier>
		</Filter>
		<Filter Include="addons\ofxOpenCv\libs\opencv\opencv\include\opencv2\video\detail">
			<UniqueIdentifier>{5355C633--C9F-B-42-CD-8-E90-106402BFD809}</UniqueIdentifier>
		</Filter>
		<Filter Include="addons\ofxOpenCv\libs\opencv\opencv\include\opencv2\video\legacy">
			<UniqueIdentifier>{C7D20469--BE8-7-44-32-A-166-B402C054CE7E}</UniqueIdentifier>
		</Filter>
		<Filter Include="addons\ofxOpenCv\libs\opencv\opencv\include\opencv2\videoio">
			<UniqueIdentifier>{CE3ED797--445-1-48-91-A-8AE-1DF0499517EA}</UniqueIdentifier>
		</Filter>
		<Filter Include="addons\ofxOpenCv\libs\opencv\opencv\include\opencv2\videoio\doc">
			<UniqueIdentifier>{D80B1272--EAD-E-42-32-9-D56-601880F6609F}</UniqueIdentifier>
		</Filter>
		<Filter Include="addons\ofxOpenCv\libs\opencv\opencv\include\opencv2\videoio\legacy">
			<UniqueIdentifier>{36E6F149--0B6-0-4D-21-B-EDC-579800790A2F}</UniqueIdentifier>
		</Filter>
	</ItemGroup>
	<ItemGroup>
		<ClInclude Include="src\ofApp.h">
			<Filter>src</Filter>
		</ClInclude>
		<ClInclude Include="src\ofApp.h">
			<Filter>src</Filter>
		</ClInclude>
		<ClInclude Include="..\openFrameworks\addons\ofxOpenCv\src\ofxCvBlob.h">
			<Filter>addons\ofxOpenCv\src</Filter>
		</ClInclude>
		<ClInclude Include="..\openFrameworks\addons\ofxOpenCv\src\ofxCvColorImage.h">
			<Filter>addons\ofxOpenCv\src</Filter>
		</ClInclude>
		<ClInclude Include="..\openFrameworks\addons\ofxOpenCv\src\ofxCvConstants.h">
			<Filter>addons\ofxOpenCv\src</Filter>
		</ClInclude>
		<ClInclude Include="..\openFrameworks\addons\ofxOpenCv\src\ofxCvContourFinder.h">
			<Filter>addons\ofxOpenCv\src</Filter>
		</ClInclude>
		<ClInclude Include="..\openFrameworks\addons\ofxOpenCv\src\ofxCvFloatImage.h">
			<Filter>addons\ofxOpenCv\src</Filter>
		</ClInclude>
		<ClInclude Include="..\openFrameworks\addons\ofxOpenCv\src\ofxCvGrayscaleImage.h">
			<Filter>addons\ofxOpenCv\src</Filter>
		</ClInclude>
		<ClInclude Include="..\openFrameworks\addons\ofxOpenCv\src\ofxCvHaarFinder.h">
			<Filter>addons\ofxOpenCv\src</Filter>
		</ClInclude>
		<ClInclude Include="..\openFrameworks\addons\ofxOpenCv\src\ofxCvImage.h">
			<Filter>addons\ofxOpenCv\src</Filter>
		</ClInclude>
		<ClInclude Include="..\openFrameworks\addons\ofxOpenCv\src\ofxCvShortImage.h">
			<Filter>addons\ofxOpenCv\src</Filter>
		</ClInclude>
		<ClInclude Include="..\openFrameworks\addons\ofxOpenCv\src\ofxOpenCv.h">
			<Filter>addons\ofxOpenCv\src</Filter>
		</ClInclude>
		<ClInclude Include="..\openFrameworks\addons\ofxOpenCv\libs\ippicv\ippicv\include\ippicv.h">
			<Filter>addons\ofxOpenCv\libs\ippicv\ippicv\include</Filter>
		</ClInclude>
		<ClInclude Include="..\openFrameworks\addons\ofxOpenCv\libs\ippicv\ippicv\include\ippicv_base.h">
			<Filter>addons\ofxOpenCv\libs\ippicv\ippicv\include</Filter>
		</ClInclude>
		<ClInclude Include="..\openFrameworks\addons\ofxOpenCv\libs\ippicv\ippicv\include\ippicv_defs.h">
			<Filter>addons\ofxOpenCv\libs\ippicv\ippicv\include</Filter>
		</ClInclude>
		<ClInclude Include="..\openFrameworks\addons\ofxOpenCv\libs\ippicv\ippicv\include\ippicv_defs_l.h">
			<Filter>addons\ofxOpenCv\libs\ippicv\ippicv\include</Filter>
		</ClInclude>
		<ClInclude Include="..\openFrameworks\addons\ofxOpenCv\libs\ippicv\ippicv\include\ippicv_l.h">
			<Filter>addons\ofxOpenCv\libs\ippicv\ippicv\include</Filter>
		</ClInclude>
		<ClInclude Include="..\openFrameworks\addons\ofxOpenCv\libs\ippicv\ippicv\include\ippicv_redefs.h">
			<Filter>addons\ofxOpenCv\libs\ippicv\ippicv\include</Filter>
		</ClInclude>
		<ClInclude Include="..\openFrameworks\addons\ofxOpenCv\libs\ippicv\ippicv\include\ippicv_types.h">
			<Filter>addons\ofxOpenCv\libs\ippicv\ippicv\include</Filter>
		</ClInclude>
		<ClInclude Include="..\openFrameworks\addons\ofxOpenCv\libs\ippicv\ippicv\include\ippicv_types_l.h">
			<Filter>addons\ofxOpenCv\libs\ippicv\ippicv\include</Filter>
		</ClInclude>
		<ClInclude Include="..\openFrameworks\addons\ofxOpenCv\libs\ippicv\ippicv\include\ippversion.h">
			<Filter>addons\ofxOpenCv\libs\ippicv\ippicv\include</Filter>
		</ClInclude>
		<ClInclude Include="..\openFrameworks\addons\ofxOpenCv\libs\opencv\opencv\include\opencv2\calib3d\calib3d.hpp">
			<Filter>addons\ofxOpenCv\libs\opencv\opencv\include\opencv2\calib3d</Filter>
		</ClInclude>
		<ClInclude Include="..\openFrameworks\addons\ofxOpenCv\libs\opencv\opencv\include\opencv2\calib3d\calib3d_c.h">
			<Filter>addons\ofxOpenCv\libs\opencv\opencv\include\opencv2\calib3d</Filter>
		</ClInclude>
		<ClInclude Include="..\openFrameworks\addons\ofxOpenCv\libs\opencv\opencv\include\opencv2\calib3d.hpp">
			<Filter>addons\ofxOpenCv\libs\opencv\opencv\include\opencv2</Filter>
		</ClInclude>
		<ClInclude Include="..\openFrameworks\addons\ofxOpenCv\libs\opencv\opencv\include\opencv2\core\affine.hpp">
			<Filter>addons\ofxOpenCv\libs\opencv\opencv\include\opencv2\core</Filter>
		</ClInclude>
		<ClInclude Include="..\openFrameworks\addons\ofxOpenCv\libs\opencv\opencv\include\opencv2\core\async.hpp">
			<Filter>addons\ofxOpenCv\libs\opencv\opencv\include\opencv2\core</Filter>
		</ClInclude>
		<ClInclude Include="..\openFrameworks\addons\ofxOpenCv\libs\opencv\opencv\include\opencv2\core\base.hpp">
			<Filter>addons\ofxOpenCv\libs\opencv\opencv\include\opencv2\core</Filter>
		</ClInclude>
		<ClInclude Include="..\openFrameworks\addons\ofxOpenCv\libs\opencv\opencv\include\opencv2\core\bindings_utils.hpp">
			<Filter>addons\ofxOpenCv\libs\opencv\opencv\include\opencv2\core</Filter>
		</ClInclude>
		<ClInclude Include="..\openFrameworks\addons\ofxOpenCv\libs\opencv\opencv\include\opencv2\core\bufferpool.hpp">
			<Filter>addons\ofxOpenCv\libs\opencv\opencv\include\opencv2\core</Filter>
		</ClInclude>
		<ClInclude Include="..\openFrameworks\addons\ofxOpenCv\libs\opencv\opencv\include\opencv2\core\check.hpp">
			<Filter>addons\ofxOpenCv\libs\opencv\opencv\include\opencv2\core</Filter>
		</ClInclude>
		<ClInclude Include="..\openFrameworks\addons\ofxOpenCv\libs\opencv\opencv\include\opencv2\core\core.hpp">
			<Filter>addons\ofxOpenCv\libs\opencv\opencv\include\opencv2\core</Filter>
		</ClInclude>
		<ClInclude Include="..\openFrameworks\addons\ofxOpenCv\libs\opencv\opencv\include\opencv2\core\core_c.h">
			<Filter>addons\ofxOpenCv\libs\opencv\opencv\include\opencv2\core</Filter>
		</ClInclude>
		<ClInclude Include="..\openFrameworks\addons\ofxOpenCv\libs\opencv\opencv\include\opencv2\core\cuda\block.hpp">
			<Filter>addons\ofxOpenCv\libs\opencv\opencv\include\opencv2\core\cuda</Filter>
		</ClInclude>
		<ClInclude Include="..\openFrameworks\addons\ofxOpenCv\libs\opencv\opencv\include\opencv2\core\cuda\border_interpolate.hpp">
			<Filter>addons\ofxOpenCv\libs\opencv\opencv\include\opencv2\core\cuda</Filter>
		</ClInclude>
		<ClInclude Include="..\openFrameworks\addons\ofxOpenCv\libs\opencv\opencv\include\opencv2\core\cuda\color.hpp">
			<Filter>addons\ofxOpenCv\libs\opencv\opencv\include\opencv2\core\cuda</Filter>
		</ClInclude>
		<ClInclude Include="..\openFrameworks\addons\ofxOpenCv\libs\opencv\opencv\include\opencv2\core\cuda\common.hpp">
			<Filter>addons\ofxOpenCv\libs\opencv\opencv\include\opencv2\core\cuda</Filter>
		</ClInclude>
		<ClInclude Include="..\openFrameworks\addons\ofxOpenCv\libs\opencv\opencv\include\opencv2\core\cuda\datamov_utils.hpp">
			<Filter>addons\ofxOpenCv\libs\opencv\opencv\include\opencv2\core\cuda</Filter>
		</ClInclude>
		<ClInclude Include="..\openFrameworks\addons\ofxOpenCv\libs\opencv\opencv\include\opencv2\core\cuda\detail\color_detail.hpp">
			<Filter>addons\ofxOpenCv\libs\opencv\opencv\include\opencv2\core\cuda\detail</Filter>
		</ClInclude>
		<ClInclude Include="..\openFrameworks\addons\ofxOpenCv\libs\opencv\opencv\include\opencv2\core\cuda\detail\reduce.hpp">
			<Filter>addons\ofxOpenCv\libs\opencv\opencv\include\opencv2\core\cuda\detail</Filter>
		</ClInclude>
		<ClInclude Include="..\openFrameworks\addons\ofxOpenCv\libs\opencv\opencv\include\opencv2\core\cuda\detail\reduce_key_val.hpp">
			<Filter>addons\ofxOpenCv\libs\opencv\opencv\include\opencv2\core\cuda\detail</Filter>
		</ClInclude>
		<ClInclude Include="..\openFrameworks\addons\ofxOpenCv\libs\opencv\opencv\include\opencv2\core\cuda\detail\transform_detail.hpp">
			<Filter>addons\ofxOpenCv\libs\opencv\opencv\include\opencv2\core\cuda\detail</Filter>
		</ClInclude>
		<ClInclude Include="..\openFrameworks\addons\ofxOpenCv\libs\opencv\opencv\include\opencv2\core\cuda\detail\type_traits_detail.hpp">
			<Filter>addons\ofxOpenCv\libs\opencv\opencv\include\opencv2\core\cuda\detail</Filter>
		</ClInclude>
		<ClInclude Include="..\openFrameworks\addons\ofxOpenCv\libs\opencv\opencv\include\opencv2\core\cuda\detail\vec_distance_detail.hpp">
			<Filter>addons\ofxOpenCv\libs\opencv\opencv\include\opencv2\core\cuda\detail</Filter>
		</ClInclude>
		<ClInclude Include="..\openFrameworks\addons\ofxOpenCv\libs\opencv\opencv\include\opencv2\core\cuda\dynamic_smem.hpp">
			<Filter>addons\ofxOpenCv\libs\opencv\opencv\include\opencv2\core\cuda</Filter>
		</ClInclude>
		<ClInclude Include="..\openFrameworks\addons\ofxOpenCv\libs\opencv\opencv\include\opencv2\core\cuda\emulation.hpp">
			<Filter>addons\ofxOpenCv\libs\opencv\opencv\include\opencv2\core\cuda</Filter>
		</ClInclude>
		<ClInclude Include="..\openFrameworks\addons\ofxOpenCv\libs\opencv\opencv\include\opencv2\core\cuda\filters.hpp">
			<Filter>addons\ofxOpenCv\libs\opencv\opencv\include\opencv2\core\cuda</Filter>
		</ClInclude>
		<ClInclude Include="..\openFrameworks\addons\ofxOpenCv\libs\opencv\opencv\include\opencv2\core\cuda\funcattrib.hpp">
			<Filter>addons\ofxOpenCv\libs\opencv\opencv\include\opencv2\core\cuda</Filter>
		</ClInclude>
		<ClInclude Include="..\openFrameworks\addons\ofxOpenCv\libs\opencv\opencv\include\opencv2\core\cuda\functional.hpp">
			<Filter>addons\ofxOpenCv\libs\opencv\opencv\include\opencv2\core\cuda</Filter>
		</ClInclude>
		<ClInclude Include="..\openFrameworks\addons\ofxOpenCv\libs\opencv\opencv\include\opencv2\core\cuda\limits.hpp">
			<Filter>addons\ofxOpenCv\libs\opencv\opencv\include\opencv2\core\cuda</Filter>
		</ClInclude>
		<ClInclude Include="..\openFrameworks\addons\ofxOpenCv\libs\opencv\opencv\include\opencv2\core\cuda\reduce.hpp">
			<Filter>addons\ofxOpenCv\libs\opencv\opencv\include\opencv2\core\cuda</Filter>
		</ClInclude>
		<ClInclude Include="..\openFrameworks\addons\ofxOpenCv\libs\opencv\opencv\include\opencv2\core\cuda\saturate_cast.hpp">
			<Filter>addons\ofxOpenCv\libs\opencv\opencv\include\opencv2\core\cuda</Filter>
		</ClInclude>
		<ClInclude Include="..\openFrameworks\addons\ofxOpenCv\libs\opencv\opencv\include\opencv2\core\cuda\scan.hpp">
			<Filter>addons\ofxOpenCv\libs\opencv\opencv\include\opencv2\core\cuda</Filter>
		</ClInclude>
		<ClInclude Include="..\openFrameworks\addons\ofxOpenCv\libs\opencv\opencv\include\opencv2\core\cuda\simd_functions.hpp">
			<Filter>addons\ofxOpenCv\libs\opencv\opencv\include\opencv2\core\cuda</Filter>
		</ClInclude>
		<ClInclude Include="..\openFrameworks\addons\ofxOpenCv\libs\opencv\opencv\include\opencv2\core\cuda\transform.hpp">
			<Filter>addons\ofxOpenCv\libs\opencv\opencv\include\opencv2\core\cuda</Filter>
		</ClInclude>
		<ClInclude Include="..\openFrameworks\addons\ofxOpenCv\libs\opencv\opencv\include\opencv2\core\cuda\type_traits.hpp">
			<Filter>addons\ofxOpenCv\libs\opencv\opencv\include\opencv2\core\cuda</Filter>
		</ClInclude>
		<ClInclude Include="..\openFrameworks\addons\ofxOpenCv\libs\opencv\opencv\include\opencv2\core\cuda\utility.hpp">
			<Filter>addons\ofxOpenCv\libs\opencv\opencv\include\opencv2\core\cuda</Filter>
		</ClInclude>
		<ClInclude Include="..\openFrameworks\addons\ofxOpenCv\libs\opencv\opencv\include\opencv2\core\cuda\vec_distance.hpp">
			<Filter>addons\ofxOpenCv\libs\opencv\opencv\include\opencv2\core\cuda</Filter>
		</ClInclude>
		<ClInclude Include="..\openFrameworks\addons\ofxOpenCv\libs\opencv\opencv\include\opencv2\core\cuda\vec_math.hpp">
			<Filter>addons\ofxOpenCv\libs\opencv\opencv\include\opencv2\core\cuda</Filter>
		</ClInclude>
		<ClInclude Include="..\openFrameworks\addons\ofxOpenCv\libs\opencv\opencv\include\opencv2\core\cuda\vec_traits.hpp">
			<Filter>addons\ofxOpenCv\libs\opencv\opencv\include\opencv2\core\cuda</Filter>
		</ClInclude>
		<ClInclude Include="..\openFrameworks\addons\ofxOpenCv\libs\opencv\opencv\include\opencv2\core\cuda\warp.hpp">
			<Filter>addons\ofxOpenCv\libs\opencv\opencv\include\opencv2\core\cuda</Filter>
		</ClInclude>
		<ClInclude Include="..\openFrameworks\addons\ofxOpenCv\libs\opencv\opencv\include\opencv2\core\cuda\warp_reduce.hpp">
			<Filter>addons\ofxOpenCv\libs\opencv\opencv\include\opencv2\core\cuda</Filter>
		</ClInclude>
		<ClInclude Include="..\openFrameworks\addons\ofxOpenCv\libs\opencv\opencv\include\opencv2\core\cuda\warp_shuffle.hpp">
			<Filter>addons\ofxOpenCv\libs\opencv\opencv\include\opencv2\core\cuda</Filter>
		</ClInclude>
		<ClInclude Include="..\openFrameworks\addons\ofxOpenCv\libs\opencv\opencv\include\opencv2\core\cuda.hpp">
			<Filter>addons\ofxOpenCv\libs\opencv\opencv\include\opencv2\core</Filter>
		</ClInclude>
		<ClInclude Include="..\openFrameworks\addons\ofxOpenCv\libs\opencv\opencv\include\opencv2\core\cuda.inl.hpp">
			<Filter>addons\ofxOpenCv\libs\opencv\opencv\include\opencv2\core</Filter>
		</ClInclude>
		<ClInclude Include="..\openFrameworks\addons\ofxOpenCv\libs\opencv\opencv\include\opencv2\core\cuda_stream_accessor.hpp">
			<Filter>addons\ofxOpenCv\libs\opencv\opencv\include\opencv2\core</Filter>
		</ClInclude>
		<ClInclude Include="..\openFrameworks\addons\ofxOpenCv\libs\opencv\opencv\include\opencv2\core\cuda_types.hpp">
			<Filter>addons\ofxOpenCv\libs\opencv\opencv\include\opencv2\core</Filter>
		</ClInclude>
		<ClInclude Include="..\openFrameworks\addons\ofxOpenCv\libs\opencv\opencv\include\opencv2\core\cvdef.h">
			<Filter>addons\ofxOpenCv\libs\opencv\opencv\include\opencv2\core</Filter>
		</ClInclude>
		<ClInclude Include="..\openFrameworks\addons\ofxOpenCv\libs\opencv\opencv\include\opencv2\core\cvstd.hpp">
			<Filter>addons\ofxOpenCv\libs\opencv\opencv\include\opencv2\core</Filter>
		</ClInclude>
		<ClInclude Include="..\openFrameworks\addons\ofxOpenCv\libs\opencv\opencv\include\opencv2\core\cvstd.inl.hpp">
			<Filter>addons\ofxOpenCv\libs\opencv\opencv\include\opencv2\core</Filter>
		</ClInclude>
		<ClInclude Include="..\openFrameworks\addons\ofxOpenCv\libs\opencv\opencv\include\opencv2\core\cvstd_wrapper.hpp">
			<Filter>addons\ofxOpenCv\libs\opencv\opencv\include\opencv2\core</Filter>
		</ClInclude>
		<ClInclude Include="..\openFrameworks\addons\ofxOpenCv\libs\opencv\opencv\include\opencv2\core\cv_cpu_dispatch.h">
			<Filter>addons\ofxOpenCv\libs\opencv\opencv\include\opencv2\core</Filter>
		</ClInclude>
		<ClInclude Include="..\openFrameworks\addons\ofxOpenCv\libs\opencv\opencv\include\opencv2\core\cv_cpu_helper.h">
			<Filter>addons\ofxOpenCv\libs\opencv\opencv\include\opencv2\core</Filter>
		</ClInclude>
		<ClInclude Include="..\openFrameworks\addons\ofxOpenCv\libs\opencv\opencv\include\opencv2\core\detail\async_promise.hpp">
			<Filter>addons\ofxOpenCv\libs\opencv\opencv\include\opencv2\core\detail</Filter>
		</ClInclude>
		<ClInclude Include="..\openFrameworks\addons\ofxOpenCv\libs\opencv\opencv\include\opencv2\core\detail\dispatch_helper.impl.hpp">
			<Filter>addons\ofxOpenCv\libs\opencv\opencv\include\opencv2\core\detail</Filter>
		</ClInclude>
		<ClInclude Include="..\openFrameworks\addons\ofxOpenCv\libs\opencv\opencv\include\opencv2\core\detail\exception_ptr.hpp">
			<Filter>addons\ofxOpenCv\libs\opencv\opencv\include\opencv2\core\detail</Filter>
		</ClInclude>
		<ClInclude Include="..\openFrameworks\addons\ofxOpenCv\libs\opencv\opencv\include\opencv2\core\directx.hpp">
			<Filter>addons\ofxOpenCv\libs\opencv\opencv\include\opencv2\core</Filter>
		</ClInclude>
		<ClInclude Include="..\openFrameworks\addons\ofxOpenCv\libs\opencv\opencv\include\opencv2\core\dualquaternion.hpp">
			<Filter>addons\ofxOpenCv\libs\opencv\opencv\include\opencv2\core</Filter>
		</ClInclude>
		<ClInclude Include="..\openFrameworks\addons\ofxOpenCv\libs\opencv\opencv\include\opencv2\core\dualquaternion.inl.hpp">
			<Filter>addons\ofxOpenCv\libs\opencv\opencv\include\opencv2\core</Filter>
		</ClInclude>
		<ClInclude Include="..\openFrameworks\addons\ofxOpenCv\libs\opencv\opencv\include\opencv2\core\eigen.hpp">
			<Filter>addons\ofxOpenCv\libs\opencv\opencv\include\opencv2\core</Filter>
		</ClInclude>
		<ClInclude Include="..\openFrameworks\addons\ofxOpenCv\libs\opencv\opencv\include\opencv2\core\fast_math.hpp">
			<Filter>addons\ofxOpenCv\libs\opencv\opencv\include\opencv2\core</Filter>
		</ClInclude>
		<ClInclude Include="..\openFrameworks\addons\ofxOpenCv\libs\opencv\opencv\include\opencv2\core\hal\hal.hpp">
			<Filter>addons\ofxOpenCv\libs\opencv\opencv\include\opencv2\core\hal</Filter>
		</ClInclude>
		<ClInclude Include="..\openFrameworks\addons\ofxOpenCv\libs\opencv\opencv\include\opencv2\core\hal\interface.h">
			<Filter>addons\ofxOpenCv\libs\opencv\opencv\include\opencv2\core\hal</Filter>
		</ClInclude>
		<ClInclude Include="..\openFrameworks\addons\ofxOpenCv\libs\opencv\opencv\include\opencv2\core\hal\intrin.hpp">
			<Filter>addons\ofxOpenCv\libs\opencv\opencv\include\opencv2\core\hal</Filter>
		</ClInclude>
		<ClInclude Include="..\openFrameworks\addons\ofxOpenCv\libs\opencv\opencv\include\opencv2\core\hal\intrin_avx.hpp">
			<Filter>addons\ofxOpenCv\libs\opencv\opencv\include\opencv2\core\hal</Filter>
		</ClInclude>
		<ClInclude Include="..\openFrameworks\addons\ofxOpenCv\libs\opencv\opencv\include\opencv2\core\hal\intrin_avx512.hpp">
			<Filter>addons\ofxOpenCv\libs\opencv\opencv\include\opencv2\core\hal</Filter>
		</ClInclude>
		<ClInclude Include="..\openFrameworks\addons\ofxOpenCv\libs\opencv\opencv\include\opencv2\core\hal\intrin_cpp.hpp">
			<Filter>addons\ofxOpenCv\libs\opencv\opencv\include\opencv2\core\hal</Filter>
		</ClInclude>
		<ClInclude Include="..\openFrameworks\addons\ofxOpenCv\libs\opencv\opencv\include\opencv2\core\hal\intrin_forward.hpp">
			<Filter>addons\ofxOpenCv\libs\opencv\opencv\include\opencv2\core\hal</Filter>
		</ClInclude>
		<ClInclude Include="..\openFrameworks\addons\ofxOpenCv\libs\opencv\opencv\include\opencv2\core\hal\intrin_msa.hpp">
			<Filter>addons\ofxOpenCv\libs\opencv\opencv\include\opencv2\core\hal</Filter>
		</ClInclude>
		<ClInclude Include="..\openFrameworks\addons\ofxOpenCv\libs\opencv\opencv\include\opencv2\core\hal\intrin_neon.hpp">
			<Filter>addons\ofxOpenCv\libs\opencv\opencv\include\opencv2\core\hal</Filter>
		</ClInclude>
		<ClInclude Include="..\openFrameworks\addons\ofxOpenCv\libs\opencv\opencv\include\opencv2\core\hal\intrin_rvv.hpp">
			<Filter>addons\ofxOpenCv\libs\opencv\opencv\include\opencv2\core\hal</Filter>
		</ClInclude>
		<ClInclude Include="..\openFrameworks\addons\ofxOpenCv\libs\opencv\opencv\include\opencv2\core\hal\intrin_rvv071.hpp">
			<Filter>addons\ofxOpenCv\libs\opencv\opencv\include\opencv2\core\hal</Filter>
		</ClInclude>
		<ClInclude Include="..\openFrameworks\addons\ofxOpenCv\libs\opencv\opencv\include\opencv2\core\hal\intrin_sse.hpp">
			<Filter>addons\ofxOpenCv\libs\opencv\opencv\include\opencv2\core\hal</Filter>
		</ClInclude>
		<ClInclude Include="..\openFrameworks\addons\ofxOpenCv\libs\opencv\opencv\include\opencv2\core\hal\intrin_sse_em.hpp">
			<Filter>addons\ofxOpenCv\libs\opencv\opencv\include\opencv2\core\hal</Filter>
		</ClInclude>
		<ClInclude Include="..\openFrameworks\addons\ofxOpenCv\libs\opencv\opencv\include\opencv2\core\hal\intrin_vsx.hpp">
			<Filter>addons\ofxOpenCv\libs\opencv\opencv\include\opencv2\core\hal</Filter>
		</ClInclude>
		<ClInclude Include="..\openFrameworks\addons\ofxOpenCv\libs\opencv\opencv\include\opencv2\core\hal\intrin_wasm.hpp">
			<Filter>addons\ofxOpenCv\libs\opencv\opencv\include\opencv2\core\hal</Filter>
		</ClInclude>
		<ClInclude Include="..\openFrameworks\addons\ofxOpenCv\libs\opencv\opencv\include\opencv2\core\hal\msa_macros.h">
			<Filter>addons\ofxOpenCv\libs\opencv\opencv\include\opencv2\core\hal</Filter>
		</ClInclude>
		<ClInclude Include="..\openFrameworks\addons\ofxOpenCv\libs\opencv\opencv\include\opencv2\core\hal\simd_utils.impl.hpp">
			<Filter>addons\ofxOpenCv\libs\opencv\opencv\include\opencv2\core\hal</Filter>
		</ClInclude>
		<ClInclude Include="..\openFrameworks\addons\ofxOpenCv\libs\opencv\opencv\include\opencv2\core\llapi\llapi.h">
			<Filter>addons\ofxOpenCv\libs\opencv\opencv\include\opencv2\core\llapi</Filter>
		</ClInclude>
		<ClInclude Include="..\openFrameworks\addons\ofxOpenCv\libs\opencv\opencv\include\opencv2\core\mat.hpp">
			<Filter>addons\ofxOpenCv\libs\opencv\opencv\include\opencv2\core</Filter>
		</ClInclude>
		<ClInclude Include="..\openFrameworks\addons\ofxOpenCv\libs\opencv\opencv\include\opencv2\core\mat.inl.hpp">
			<Filter>addons\ofxOpenCv\libs\opencv\opencv\include\opencv2\core</Filter>
		</ClInclude>
		<ClInclude Include="..\openFrameworks\addons\ofxOpenCv\libs\opencv\opencv\include\opencv2\core\matx.hpp">
			<Filter>addons\ofxOpenCv\libs\opencv\opencv\include\opencv2\core</Filter>
		</ClInclude>
		<ClInclude Include="..\openFrameworks\addons\ofxOpenCv\libs\opencv\opencv\include\opencv2\core\neon_utils.hpp">
			<Filter>addons\ofxOpenCv\libs\opencv\opencv\include\opencv2\core</Filter>
		</ClInclude>
		<ClInclude Include="..\openFrameworks\addons\ofxOpenCv\libs\opencv\opencv\include\opencv2\core\ocl.hpp">
			<Filter>addons\ofxOpenCv\libs\opencv\opencv\include\opencv2\core</Filter>
		</ClInclude>
		<ClInclude Include="..\openFrameworks\addons\ofxOpenCv\libs\opencv\opencv\include\opencv2\core\ocl_genbase.hpp">
			<Filter>addons\ofxOpenCv\libs\opencv\opencv\include\opencv2\core</Filter>
		</ClInclude>
		<ClInclude Include="..\openFrameworks\addons\ofxOpenCv\libs\opencv\opencv\include\opencv2\core\opencl\ocl_defs.hpp">
			<Filter>addons\ofxOpenCv\libs\opencv\opencv\include\opencv2\core\opencl</Filter>
		</ClInclude>
		<ClInclude Include="..\openFrameworks\addons\ofxOpenCv\libs\opencv\opencv\include\opencv2\core\opencl\opencl_info.hpp">
			<Filter>addons\ofxOpenCv\libs\opencv\opencv\include\opencv2\core\opencl</Filter>
		</ClInclude>
		<ClInclude Include="..\openFrameworks\addons\ofxOpenCv\libs\opencv\opencv\include\opencv2\core\opencl\opencl_svm.hpp">
			<Filter>addons\ofxOpenCv\libs\opencv\opencv\include\opencv2\core\opencl</Filter>
		</ClInclude>
		<ClInclude Include="..\openFrameworks\addons\ofxOpenCv\libs\opencv\opencv\include\opencv2\core\opencl\runtime\autogenerated\opencl_clblas.hpp">
			<Filter>addons\ofxOpenCv\libs\opencv\opencv\include\opencv2\core\opencl\runtime\autogenerated</Filter>
		</ClInclude>
		<ClInclude Include="..\openFrameworks\addons\ofxOpenCv\libs\opencv\opencv\include\opencv2\core\opencl\runtime\autogenerated\opencl_clfft.hpp">
			<Filter>addons\ofxOpenCv\libs\opencv\opencv\include\opencv2\core\opencl\runtime\autogenerated</Filter>
		</ClInclude>
		<ClInclude Include="..\openFrameworks\addons\ofxOpenCv\libs\opencv\opencv\include\opencv2\core\opencl\runtime\autogenerated\opencl_core.hpp">
			<Filter>addons\ofxOpenCv\libs\opencv\opencv\include\opencv2\core\opencl\runtime\autogenerated</Filter>
		</ClInclude>
		<ClInclude Include="..\openFrameworks\addons\ofxOpenCv\libs\opencv\opencv\include\opencv2\core\opencl\runtime\autogenerated\opencl_core_wrappers.hpp">
			<Filter>addons\ofxOpenCv\libs\opencv\opencv\include\opencv2\core\opencl\runtime\autogenerated</Filter>
		</ClInclude>
		<ClInclude Include="..\openFrameworks\addons\ofxOpenCv\libs\opencv\opencv\include\opencv2\core\opencl\runtime\autogenerated\opencl_gl.hpp">
			<Filter>addons\ofxOpenCv\libs\opencv\opencv\include\opencv2\core\opencl\runtime\autogenerated</Filter>
		</ClInclude>
		<ClInclude Include="..\openFrameworks\addons\ofxOpenCv\libs\opencv\opencv\include\opencv2\core\opencl\runtime\autogenerated\opencl_gl_wrappers.hpp">
			<Filter>addons\ofxOpenCv\libs\opencv\opencv\include\opencv2\core\opencl\runtime\autogenerated</Filter>
		</ClInclude>
		<ClInclude Include="..\openFrameworks\addons\ofxOpenCv\libs\opencv\opencv\include\opencv2\core\opencl\runtime\opencl_clblas.hpp">
			<Filter>addons\ofxOpenCv\libs\opencv\opencv\include\opencv2\core\opencl\runtime</Filter>
		</ClInclude>
		<ClInclude Include="..\openFrameworks\addons\ofxOpenCv\libs\opencv\opencv\include\opencv2\core\opencl\runtime\opencl_clfft.hpp">
			<Filter>addons\ofxOpenCv\libs\opencv\opencv\include\opencv2\core\opencl\runtime</Filter>
		</ClInclude>
		<ClInclude Include="..\openFrameworks\addons\ofxOpenCv\libs\opencv\opencv\include\opencv2\core\opencl\runtime\opencl_core.hpp">
			<Filter>addons\ofxOpenCv\libs\opencv\opencv\include\opencv2\core\opencl\runtime</Filter>
		</ClInclude>
		<ClInclude Include="..\openFrameworks\addons\ofxOpenCv\libs\opencv\opencv\include\opencv2\core\opencl\runtime\opencl_core_wrappers.hpp">
			<Filter>addons\ofxOpenCv\libs\opencv\opencv\include\opencv2\core\opencl\runtime</Filter>
		</ClInclude>
		<ClInclude Include="..\openFrameworks\addons\ofxOpenCv\libs\opencv\opencv\include\opencv2\core\opencl\runtime\opencl_gl.hpp">
			<Filter>addons\ofxOpenCv\libs\opencv\opencv\include\opencv2\core\opencl\runtime</Filter>
		</ClInclude>
		<ClInclude Include="..\openFrameworks\addons\ofxOpenCv\libs\opencv\opencv\include\opencv2\core\opencl\runtime\opencl_gl_wrappers.hpp">
			<Filter>addons\ofxOpenCv\libs\opencv\opencv\include\opencv2\core\opencl\runtime</Filter>
		</ClInclude>
		<ClInclude Include="..\openFrameworks\addons\ofxOpenCv\libs\opencv\opencv\include\opencv2\core\opencl\runtime\opencl_svm_20.hpp">
			<Filter>addons\ofxOpenCv\libs\opencv\opencv\include\opencv2\core\opencl\runtime</Filter>
		</ClInclude>
		<ClInclude Include="..\openFrameworks\addons\ofxOpenCv\libs\opencv\opencv\include\opencv2\core\opencl\runtime\opencl_svm_definitions.hpp">
			<Filter>addons\ofxOpenCv\libs\opencv\opencv\include\opencv2\core\opencl\runtime</Filter>
		</ClInclude>
		<ClInclude Include="..\openFrameworks\addons\ofxOpenCv\libs\opencv\opencv\include\opencv2\core\opencl\runtime\opencl_svm_hsa_extension.hpp">
			<Filter>addons\ofxOpenCv\libs\opencv\opencv\include\opencv2\core\opencl\runtime</Filter>
		</ClInclude>
		<ClInclude Include="..\openFrameworks\addons\ofxOpenCv\libs\opencv\opencv\include\opencv2\core\opengl.hpp">
			<Filter>addons\ofxOpenCv\libs\opencv\opencv\include\opencv2\core</Filter>
		</ClInclude>
		<ClInclude Include="..\openFrameworks\addons\ofxOpenCv\libs\opencv\opencv\include\opencv2\core\openvx\ovx_defs.hpp">
			<Filter>addons\ofxOpenCv\libs\opencv\opencv\include\opencv2\core\openvx</Filter>
		</ClInclude>
		<ClInclude Include="..\openFrameworks\addons\ofxOpenCv\libs\opencv\opencv\include\opencv2\core\operations.hpp">
			<Filter>addons\ofxOpenCv\libs\opencv\opencv\include\opencv2\core</Filter>
		</ClInclude>
		<ClInclude Include="..\openFrameworks\addons\ofxOpenCv\libs\opencv\opencv\include\opencv2\core\optim.hpp">
			<Filter>addons\ofxOpenCv\libs\opencv\opencv\include\opencv2\core</Filter>
		</ClInclude>
		<ClInclude Include="..\openFrameworks\addons\ofxOpenCv\libs\opencv\opencv\include\opencv2\core\ovx.hpp">
			<Filter>addons\ofxOpenCv\libs\opencv\opencv\include\opencv2\core</Filter>
		</ClInclude>
		<ClInclude Include="..\openFrameworks\addons\ofxOpenCv\libs\opencv\opencv\include\opencv2\core\parallel\backend\parallel_for.openmp.hpp">
			<Filter>addons\ofxOpenCv\libs\opencv\opencv\include\opencv2\core\parallel\backend</Filter>
		</ClInclude>
		<ClInclude Include="..\openFrameworks\addons\ofxOpenCv\libs\opencv\opencv\include\opencv2\core\parallel\backend\parallel_for.tbb.hpp">
			<Filter>addons\ofxOpenCv\libs\opencv\opencv\include\opencv2\core\parallel\backend</Filter>
		</ClInclude>
		<ClInclude Include="..\openFrameworks\addons\ofxOpenCv\libs\opencv\opencv\include\opencv2\core\parallel\parallel_backend.hpp">
			<Filter>addons\ofxOpenCv\libs\opencv\opencv\include\opencv2\core\parallel</Filter>
		</ClInclude>
		<ClInclude Include="..\openFrameworks\addons\ofxOpenCv\libs\opencv\opencv\include\opencv2\core\persistence.hpp">
			<Filter>addons\ofxOpenCv\libs\opencv\opencv\include\opencv2\core</Filter>
		</ClInclude>
		<ClInclude Include="..\openFrameworks\addons\ofxOpenCv\libs\opencv\opencv\include\opencv2\core\private\cv_cpu_include_simd_declarations.hpp">
			<Filter>addons\ofxOpenCv\libs\opencv\opencv\include\opencv2\core\private</Filter>
		</ClInclude>
		<ClInclude Include="..\openFrameworks\addons\ofxOpenCv\libs\opencv\opencv\include\opencv2\core\private.cuda.hpp">
			<Filter>addons\ofxOpenCv\libs\opencv\opencv\include\opencv2\core</Filter>
		</ClInclude>
		<ClInclude Include="..\openFrameworks\addons\ofxOpenCv\libs\opencv\opencv\include\opencv2\core\private.hpp">
			<Filter>addons\ofxOpenCv\libs\opencv\opencv\include\opencv2\core</Filter>
		</ClInclude>
		<ClInclude Include="..\openFrameworks\addons\ofxOpenCv\libs\opencv\opencv\include\opencv2\core\quaternion.hpp">
			<Filter>addons\ofxOpenCv\libs\opencv\opencv\include\opencv2\core</Filter>
		</ClInclude>
		<ClInclude Include="..\openFrameworks\addons\ofxOpenCv\libs\opencv\opencv\include\opencv2\core\quaternion.inl.hpp">
			<Filter>addons\ofxOpenCv\libs\opencv\opencv\include\opencv2\core</Filter>
		</ClInclude>
		<ClInclude Include="..\openFrameworks\addons\ofxOpenCv\libs\opencv\opencv\include\opencv2\core\saturate.hpp">
			<Filter>addons\ofxOpenCv\libs\opencv\opencv\include\opencv2\core</Filter>
		</ClInclude>
		<ClInclude Include="..\openFrameworks\addons\ofxOpenCv\libs\opencv\opencv\include\opencv2\core\simd_intrinsics.hpp">
			<Filter>addons\ofxOpenCv\libs\opencv\opencv\include\opencv2\core</Filter>
		</ClInclude>
		<ClInclude Include="..\openFrameworks\addons\ofxOpenCv\libs\opencv\opencv\include\opencv2\core\softfloat.hpp">
			<Filter>addons\ofxOpenCv\libs\opencv\opencv\include\opencv2\core</Filter>
		</ClInclude>
		<ClInclude Include="..\openFrameworks\addons\ofxOpenCv\libs\opencv\opencv\include\opencv2\core\sse_utils.hpp">
			<Filter>addons\ofxOpenCv\libs\opencv\opencv\include\opencv2\core</Filter>
		</ClInclude>
		<ClInclude Include="..\openFrameworks\addons\ofxOpenCv\libs\opencv\opencv\include\opencv2\core\traits.hpp">
			<Filter>addons\ofxOpenCv\libs\opencv\opencv\include\opencv2\core</Filter>
		</ClInclude>
		<ClInclude Include="..\openFrameworks\addons\ofxOpenCv\libs\opencv\opencv\include\opencv2\core\types.hpp">
			<Filter>addons\ofxOpenCv\libs\opencv\opencv\include\opencv2\core</Filter>
		</ClInclude>
		<ClInclude Include="..\openFrameworks\addons\ofxOpenCv\libs\opencv\opencv\include\opencv2\core\types_c.h">
			<Filter>addons\ofxOpenCv\libs\opencv\opencv\include\opencv2\core</Filter>
		</ClInclude>
		<ClInclude Include="..\openFrameworks\addons\ofxOpenCv\libs\opencv\opencv\include\opencv2\core\utility.hpp">
			<Filter>addons\ofxOpenCv\libs\opencv\opencv\include\opencv2\core</Filter>
		</ClInclude>
		<ClInclude Include="..\openFrameworks\addons\ofxOpenCv\libs\opencv\opencv\include\opencv2\core\utils\allocator_stats.hpp">
			<Filter>addons\ofxOpenCv\libs\opencv\opencv\include\opencv2\core\utils</Filter>
		</ClInclude>
		<ClInclude Include="..\openFrameworks\addons\ofxOpenCv\libs\opencv\opencv\include\opencv2\core\utils\allocator_stats.impl.hpp">
			<Filter>addons\ofxOpenCv\libs\opencv\opencv\include\opencv2\core\utils</Filter>
		</ClInclude>
		<ClInclude Include="..\openFrameworks\addons\ofxOpenCv\libs\opencv\opencv\include\opencv2\core\utils\buffer_area.private.hpp">
			<Filter>addons\ofxOpenCv\libs\opencv\opencv\include\opencv2\core\utils</Filter>
		</ClInclude>
		<ClInclude Include="..\openFrameworks\addons\ofxOpenCv\libs\opencv\opencv\include\opencv2\core\utils\configuration.private.hpp">
			<Filter>addons\ofxOpenCv\libs\opencv\opencv\include\opencv2\core\utils</Filter>
		</ClInclude>
		<ClInclude Include="..\openFrameworks\addons\ofxOpenCv\libs\opencv\opencv\include\opencv2\core\utils\filesystem.hpp">
			<Filter>addons\ofxOpenCv\libs\opencv\opencv\include\opencv2\core\utils</Filter>
		</ClInclude>
		<ClInclude Include="..\openFrameworks\addons\ofxOpenCv\libs\opencv\opencv\include\opencv2\core\utils\filesystem.private.hpp">
			<Filter>addons\ofxOpenCv\libs\opencv\opencv\include\opencv2\core\utils</Filter>
		</ClInclude>
		<ClInclude Include="..\openFrameworks\addons\ofxOpenCv\libs\opencv\opencv\include\opencv2\core\utils\fp_control.private.hpp">
			<Filter>addons\ofxOpenCv\libs\opencv\opencv\include\opencv2\core\utils</Filter>
		</ClInclude>
		<ClInclude Include="..\openFrameworks\addons\ofxOpenCv\libs\opencv\opencv\include\opencv2\core\utils\fp_control_utils.hpp">
			<Filter>addons\ofxOpenCv\libs\opencv\opencv\include\opencv2\core\utils</Filter>
		</ClInclude>
		<ClInclude Include="..\openFrameworks\addons\ofxOpenCv\libs\opencv\opencv\include\opencv2\core\utils\instrumentation.hpp">
			<Filter>addons\ofxOpenCv\libs\opencv\opencv\include\opencv2\core\utils</Filter>
		</ClInclude>
		<ClInclude Include="..\openFrameworks\addons\ofxOpenCv\libs\opencv\opencv\include\opencv2\core\utils\lock.private.hpp">
			<Filter>addons\ofxOpenCv\libs\opencv\opencv\include\opencv2\core\utils</Filter>
		</ClInclude>
		<ClInclude Include="..\openFrameworks\addons\ofxOpenCv\libs\opencv\opencv\include\opencv2\core\utils\logger.defines.hpp">
			<Filter>addons\ofxOpenCv\libs\opencv\opencv\include\opencv2\core\utils</Filter>
		</ClInclude>
		<ClInclude Include="..\openFrameworks\addons\ofxOpenCv\libs\opencv\opencv\include\opencv2\core\utils\logger.hpp">
			<Filter>addons\ofxOpenCv\libs\opencv\opencv\include\opencv2\core\utils</Filter>
		</ClInclude>
		<ClInclude Include="..\openFrameworks\addons\ofxOpenCv\libs\opencv\opencv\include\opencv2\core\utils\logtag.hpp">
			<Filter>addons\ofxOpenCv\libs\opencv\opencv\include\opencv2\core\utils</Filter>
		</ClInclude>
		<ClInclude Include="..\openFrameworks\addons\ofxOpenCv\libs\opencv\opencv\include\opencv2\core\utils\plugin_loader.private.hpp">
			<Filter>addons\ofxOpenCv\libs\opencv\opencv\include\opencv2\core\utils</Filter>
		</ClInclude>
		<ClInclude Include="..\openFrameworks\addons\ofxOpenCv\libs\opencv\opencv\include\opencv2\core\utils\tls.hpp">
			<Filter>addons\ofxOpenCv\libs\opencv\opencv\include\opencv2\core\utils</Filter>
		</ClInclude>
		<ClInclude Include="..\openFrameworks\addons\ofxOpenCv\libs\opencv\opencv\include\opencv2\core\utils\trace.hpp">
			<Filter>addons\ofxOpenCv\libs\opencv\opencv\include\opencv2\core\utils</Filter>
		</ClInclude>
		<ClInclude Include="..\openFrameworks\addons\ofxOpenCv\libs\opencv\opencv\include\opencv2\core\utils\trace.private.hpp">
			<Filter>addons\ofxOpenCv\libs\opencv\opencv\include\opencv2\core\utils</Filter>
		</ClInclude>
		<ClInclude Include="..\openFrameworks\addons\ofxOpenCv\libs\opencv\opencv\include\opencv2\core\va_intel.hpp">
			<Filter>addons\ofxOpenCv\libs\opencv\opencv\include\opencv2\core</Filter>
		</ClInclude>
		<ClInclude Include="..\openFrameworks\addons\ofxOpenCv\libs\opencv\opencv\include\opencv2\core\version.hpp">
			<Filter>addons\ofxOpenCv\libs\opencv\opencv\include\opencv2\core</Filter>
		</ClInclude>
		<ClInclude Include="..\openFrameworks\addons\ofxOpenCv\libs\opencv\opencv\include\opencv2\core\vsx_utils.hpp">
			<Filter>addons\ofxOpenCv\libs\opencv\opencv\include\opencv2\core</Filter>
		</ClInclude>
		<ClInclude Include="..\openFrameworks\addons\ofxOpenCv\libs\opencv\opencv\include\opencv2\core.hpp">
			<Filter>addons\ofxOpenCv\libs\opencv\opencv\include\opencv2</Filter>
		</ClInclude>
		<ClInclude Include="..\openFrameworks\addons\ofxOpenCv\libs\opencv\opencv\include\opencv2\cvconfig.h">
			<Filter>addons\ofxOpenCv\libs\opencv\opencv\include\opencv2</Filter>
		</ClInclude>
		<ClInclude Include="..\openFrameworks\addons\ofxOpenCv\libs\opencv\opencv\include\opencv2\dnn\all_layers.hpp">
			<Filter>addons\ofxOpenCv\libs\opencv\opencv\include\opencv2\dnn</Filter>
		</ClInclude>
		<ClInclude Include="..\openFrameworks\addons\ofxOpenCv\libs\opencv\opencv\include\opencv2\dnn\dict.hpp">
			<Filter>addons\ofxOpenCv\libs\opencv\opencv\include\opencv2\dnn</Filter>
		</ClInclude>
		<ClInclude Include="..\openFrameworks\addons\ofxOpenCv\libs\opencv\opencv\include\opencv2\dnn\dnn.hpp">
			<Filter>addons\ofxOpenCv\libs\opencv\opencv\include\opencv2\dnn</Filter>
		</ClInclude>
		<ClInclude Include="..\openFrameworks\addons\ofxOpenCv\libs\opencv\opencv\include\opencv2\dnn\dnn.inl.hpp">
			<Filter>addons\ofxOpenCv\libs\opencv\opencv\include\opencv2\dnn</Filter>
		</ClInclude>
		<ClInclude Include="..\openFrameworks\addons\ofxOpenCv\libs\opencv\opencv\include\opencv2\dnn\layer.details.hpp">
			<Filter>addons\ofxOpenCv\libs\opencv\opencv\include\opencv2\dnn</Filter>
		</ClInclude>
		<ClInclude Include="..\openFrameworks\addons\ofxOpenCv\libs\opencv\opencv\include\opencv2\dnn\layer.hpp">
			<Filter>addons\ofxOpenCv\libs\opencv\opencv\include\opencv2\dnn</Filter>
		</ClInclude>
		<ClInclude Include="..\openFrameworks\addons\ofxOpenCv\libs\opencv\opencv\include\opencv2\dnn\layer_reg.private.hpp">
			<Filter>addons\ofxOpenCv\libs\opencv\opencv\include\opencv2\dnn</Filter>
		</ClInclude>
		<ClInclude Include="..\openFrameworks\addons\ofxOpenCv\libs\opencv\opencv\include\opencv2\dnn\shape_utils.hpp">
			<Filter>addons\ofxOpenCv\libs\opencv\opencv\include\opencv2\dnn</Filter>
		</ClInclude>
		<ClInclude Include="..\openFrameworks\addons\ofxOpenCv\libs\opencv\opencv\include\opencv2\dnn\utils\debug_utils.hpp">
			<Filter>addons\ofxOpenCv\libs\opencv\opencv\include\opencv2\dnn\utils</Filter>
		</ClInclude>
		<ClInclude Include="..\openFrameworks\addons\ofxOpenCv\libs\opencv\opencv\include\opencv2\dnn\utils\inference_engine.hpp">
			<Filter>addons\ofxOpenCv\libs\opencv\opencv\include\opencv2\dnn\utils</Filter>
		</ClInclude>
		<ClInclude Include="..\openFrameworks\addons\ofxOpenCv\libs\opencv\opencv\include\opencv2\dnn\version.hpp">
			<Filter>addons\ofxOpenCv\libs\opencv\opencv\include\opencv2\dnn</Filter>
		</ClInclude>
		<ClInclude Include="..\openFrameworks\addons\ofxOpenCv\libs\opencv\opencv\include\opencv2\dnn.hpp">
			<Filter>addons\ofxOpenCv\libs\opencv\opencv\include\opencv2</Filter>
		</ClInclude>
		<ClInclude Include="..\openFrameworks\addons\ofxOpenCv\libs\opencv\opencv\include\opencv2\features2d\features2d.hpp">
			<Filter>addons\ofxOpenCv\libs\opencv\opencv\include\opencv2\features2d</Filter>
		</ClInclude>
		<ClInclude Include="..\openFrameworks\addons\ofxOpenCv\libs\opencv\opencv\include\opencv2\features2d\hal\interface.h">
			<Filter>addons\ofxOpenCv\libs\opencv\opencv\include\opencv2\features2d\hal</Filter>
		</ClInclude>
		<ClInclude Include="..\openFrameworks\addons\ofxOpenCv\libs\opencv\opencv\include\opencv2\features2d.hpp">
			<Filter>addons\ofxOpenCv\libs\opencv\opencv\include\opencv2</Filter>
		</ClInclude>
		<ClInclude Include="..\openFrameworks\addons\ofxOpenCv\libs\opencv\opencv\include\opencv2\flann\allocator.h">
			<Filter>addons\ofxOpenCv\libs\opencv\opencv\include\opencv2\flann</Filter>
		</ClInclude>
		<ClInclude Include="..\openFrameworks\addons\ofxOpenCv\libs\opencv\opencv\include\opencv2\flann\all_indices.h">
			<Filter>addons\ofxOpenCv\libs\opencv\opencv\include\opencv2\flann</Filter>
		</ClInclude>
		<ClInclude Include="..\openFrameworks\addons\ofxOpenCv\libs\opencv\opencv\include\opencv2\flann\any.h">
			<Filter>addons\ofxOpenCv\libs\opencv\opencv\include\opencv2\flann</Filter>
		</ClInclude>
		<ClInclude Include="..\openFrameworks\addons\ofxOpenCv\libs\opencv\opencv\include\opencv2\flann\autotuned_index.h">
			<Filter>addons\ofxOpenCv\libs\opencv\opencv\include\opencv2\flann</Filter>
		</ClInclude>
		<ClInclude Include="..\openFrameworks\addons\ofxOpenCv\libs\opencv\opencv\include\opencv2\flann\composite_index.h">
			<Filter>addons\ofxOpenCv\libs\opencv\opencv\include\opencv2\flann</Filter>
		</ClInclude>
		<ClInclude Include="..\openFrameworks\addons\ofxOpenCv\libs\opencv\opencv\include\opencv2\flann\config.h">
			<Filter>addons\ofxOpenCv\libs\opencv\opencv\include\opencv2\flann</Filter>
		</ClInclude>
		<ClInclude Include="..\openFrameworks\addons\ofxOpenCv\libs\opencv\opencv\include\opencv2\flann\defines.h">
			<Filter>addons\ofxOpenCv\libs\opencv\opencv\include\opencv2\flann</Filter>
		</ClInclude>
		<ClInclude Include="..\openFrameworks\addons\ofxOpenCv\libs\opencv\opencv\include\opencv2\flann\dist.h">
			<Filter>addons\ofxOpenCv\libs\opencv\opencv\include\opencv2\flann</Filter>
		</ClInclude>
		<ClInclude Include="..\openFrameworks\addons\ofxOpenCv\libs\opencv\opencv\include\opencv2\flann\dummy.h">
			<Filter>addons\ofxOpenCv\libs\opencv\opencv\include\opencv2\flann</Filter>
		</ClInclude>
		<ClInclude Include="..\openFrameworks\addons\ofxOpenCv\libs\opencv\opencv\include\opencv2\flann\dynamic_bitset.h">
			<Filter>addons\ofxOpenCv\libs\opencv\opencv\include\opencv2\flann</Filter>
		</ClInclude>
		<ClInclude Include="..\openFrameworks\addons\ofxOpenCv\libs\opencv\opencv\include\opencv2\flann\flann.hpp">
			<Filter>addons\ofxOpenCv\libs\opencv\opencv\include\opencv2\flann</Filter>
		</ClInclude>
		<ClInclude Include="..\openFrameworks\addons\ofxOpenCv\libs\opencv\opencv\include\opencv2\flann\flann_base.hpp">
			<Filter>addons\ofxOpenCv\libs\opencv\opencv\include\opencv2\flann</Filter>
		</ClInclude>
		<ClInclude Include="..\openFrameworks\addons\ofxOpenCv\libs\opencv\opencv\include\opencv2\flann\general.h">
			<Filter>addons\ofxOpenCv\libs\opencv\opencv\include\opencv2\flann</Filter>
		</ClInclude>
		<ClInclude Include="..\openFrameworks\addons\ofxOpenCv\libs\opencv\opencv\include\opencv2\flann\ground_truth.h">
			<Filter>addons\ofxOpenCv\libs\opencv\opencv\include\opencv2\flann</Filter>
		</ClInclude>
		<ClInclude Include="..\openFrameworks\addons\ofxOpenCv\libs\opencv\opencv\include\opencv2\flann\hdf5.h">
			<Filter>addons\ofxOpenCv\libs\opencv\opencv\include\opencv2\flann</Filter>
		</ClInclude>
		<ClInclude Include="..\openFrameworks\addons\ofxOpenCv\libs\opencv\opencv\include\opencv2\flann\heap.h">
			<Filter>addons\ofxOpenCv\libs\opencv\opencv\include\opencv2\flann</Filter>
		</ClInclude>
		<ClInclude Include="..\openFrameworks\addons\ofxOpenCv\libs\opencv\opencv\include\opencv2\flann\hierarchical_clustering_index.h">
			<Filter>addons\ofxOpenCv\libs\opencv\opencv\include\opencv2\flann</Filter>
		</ClInclude>
		<ClInclude Include="..\openFrameworks\addons\ofxOpenCv\libs\opencv\opencv\include\opencv2\flann\index_testing.h">
			<Filter>addons\ofxOpenCv\libs\opencv\opencv\include\opencv2\flann</Filter>
		</ClInclude>
		<ClInclude Include="..\openFrameworks\addons\ofxOpenCv\libs\opencv\opencv\include\opencv2\flann\kdtree_index.h">
			<Filter>addons\ofxOpenCv\libs\opencv\opencv\include\opencv2\flann</Filter>
		</ClInclude>
		<ClInclude Include="..\openFrameworks\addons\ofxOpenCv\libs\opencv\opencv\include\opencv2\flann\kdtree_single_index.h">
			<Filter>addons\ofxOpenCv\libs\opencv\opencv\include\opencv2\flann</Filter>
		</ClInclude>
		<ClInclude Include="..\openFrameworks\addons\ofxOpenCv\libs\opencv\opencv\include\opencv2\flann\kmeans_index.h">
			<Filter>addons\ofxOpenCv\libs\opencv\opencv\include\opencv2\flann</Filter>
		</ClInclude>
		<ClInclude Include="..\openFrameworks\addons\ofxOpenCv\libs\opencv\opencv\include\opencv2\flann\linear_index.h">
			<Filter>addons\ofxOpenCv\libs\opencv\opencv\include\opencv2\flann</Filter>
		</ClInclude>
		<ClInclude Include="..\openFrameworks\addons\ofxOpenCv\libs\opencv\opencv\include\opencv2\flann\logger.h">
			<Filter>addons\ofxOpenCv\libs\opencv\opencv\include\opencv2\flann</Filter>
		</ClInclude>
		<ClInclude Include="..\openFrameworks\addons\ofxOpenCv\libs\opencv\opencv\include\opencv2\flann\lsh_index.h">
			<Filter>addons\ofxOpenCv\libs\opencv\opencv\include\opencv2\flann</Filter>
		</ClInclude>
		<ClInclude Include="..\openFrameworks\addons\ofxOpenCv\libs\opencv\opencv\include\opencv2\flann\lsh_table.h">
			<Filter>addons\ofxOpenCv\libs\opencv\opencv\include\opencv2\flann</Filter>
		</ClInclude>
		<ClInclude Include="..\openFrameworks\addons\ofxOpenCv\libs\opencv\opencv\include\opencv2\flann\matrix.h">
			<Filter>addons\ofxOpenCv\libs\opencv\opencv\include\opencv2\flann</Filter>
		</ClInclude>
		<ClInclude Include="..\openFrameworks\addons\ofxOpenCv\libs\opencv\opencv\include\opencv2\flann\miniflann.hpp">
			<Filter>addons\ofxOpenCv\libs\opencv\opencv\include\opencv2\flann</Filter>
		</ClInclude>
		<ClInclude Include="..\openFrameworks\addons\ofxOpenCv\libs\opencv\opencv\include\opencv2\flann\nn_index.h">
			<Filter>addons\ofxOpenCv\libs\opencv\opencv\include\opencv2\flann</Filter>
		</ClInclude>
		<ClInclude Include="..\openFrameworks\addons\ofxOpenCv\libs\opencv\opencv\include\opencv2\flann\object_factory.h">
			<Filter>addons\ofxOpenCv\libs\opencv\opencv\include\opencv2\flann</Filter>
		</ClInclude>
		<ClInclude Include="..\openFrameworks\addons\ofxOpenCv\libs\opencv\opencv\include\opencv2\flann\params.h">
			<Filter>addons\ofxOpenCv\libs\opencv\opencv\include\opencv2\flann</Filter>
		</ClInclude>
		<ClInclude Include="..\openFrameworks\addons\ofxOpenCv\libs\opencv\opencv\include\opencv2\flann\random.h">
			<Filter>addons\ofxOpenCv\libs\opencv\opencv\include\opencv2\flann</Filter>
		</ClInclude>
		<ClInclude Include="..\openFrameworks\addons\ofxOpenCv\libs\opencv\opencv\include\opencv2\flann\result_set.h">
			<Filter>addons\ofxOpenCv\libs\opencv\opencv\include\opencv2\flann</Filter>
		</ClInclude>
		<ClInclude Include="..\openFrameworks\addons\ofxOpenCv\libs\opencv\opencv\include\opencv2\flann\sampling.h">
			<Filter>addons\ofxOpenCv\libs\opencv\opencv\include\opencv2\flann</Filter>
		</ClInclude>
		<ClInclude Include="..\openFrameworks\addons\ofxOpenCv\libs\opencv\opencv\include\opencv2\flann\saving.h">
			<Filter>addons\ofxOpenCv\libs\opencv\opencv\include\opencv2\flann</Filter>
		</ClInclude>
		<ClInclude Include="..\openFrameworks\addons\ofxOpenCv\libs\opencv\opencv\include\opencv2\flann\simplex_downhill.h">
			<Filter>addons\ofxOpenCv\libs\opencv\opencv\include\opencv2\flann</Filter>
		</ClInclude>
		<ClInclude Include="..\openFrameworks\addons\ofxOpenCv\libs\opencv\opencv\include\opencv2\flann\timer.h">
			<Filter>addons\ofxOpenCv\libs\opencv\opencv\include\opencv2\flann</Filter>
		</ClInclude>
		<ClInclude Include="..\openFrameworks\addons\ofxOpenCv\libs\opencv\opencv\include\opencv2\flann.hpp">
			<Filter>addons\ofxOpenCv\libs\opencv\opencv\include\opencv2</Filter>
		</ClInclude>
		<ClInclude Include="..\openFrameworks\addons\ofxOpenCv\libs\opencv\opencv\include\opencv2\gapi\core.hpp">
			<Filter>addons\ofxOpenCv\libs\opencv\opencv\include\opencv2\gapi</Filter>
		</ClInclude>
		<ClInclude Include="..\openFrameworks\addons\ofxOpenCv\libs\opencv\opencv\include\opencv2\gapi\cpu\core.hpp">
			<Filter>addons\ofxOpenCv\libs\opencv\opencv\include\opencv2\gapi\cpu</Filter>
		</ClInclude>
		<ClInclude Include="..\openFrameworks\addons\ofxOpenCv\libs\opencv\opencv\include\opencv2\gapi\cpu\gcpukernel.hpp">
			<Filter>addons\ofxOpenCv\libs\opencv\opencv\include\opencv2\gapi\cpu</Filter>
		</ClInclude>
		<ClInclude Include="..\openFrameworks\addons\ofxOpenCv\libs\opencv\opencv\include\opencv2\gapi\cpu\imgproc.hpp">
			<Filter>addons\ofxOpenCv\libs\opencv\opencv\include\opencv2\gapi\cpu</Filter>
		</ClInclude>
		<ClInclude Include="..\openFrameworks\addons\ofxOpenCv\libs\opencv\opencv\include\opencv2\gapi\cpu\stereo.hpp">
			<Filter>addons\ofxOpenCv\libs\opencv\opencv\include\opencv2\gapi\cpu</Filter>
		</ClInclude>
		<ClInclude Include="..\openFrameworks\addons\ofxOpenCv\libs\opencv\opencv\include\opencv2\gapi\cpu\video.hpp">
			<Filter>addons\ofxOpenCv\libs\opencv\opencv\include\opencv2\gapi\cpu</Filter>
		</ClInclude>
		<ClInclude Include="..\openFrameworks\addons\ofxOpenCv\libs\opencv\opencv\include\opencv2\gapi\fluid\core.hpp">
			<Filter>addons\ofxOpenCv\libs\opencv\opencv\include\opencv2\gapi\fluid</Filter>
		</ClInclude>
		<ClInclude Include="..\openFrameworks\addons\ofxOpenCv\libs\opencv\opencv\include\opencv2\gapi\fluid\gfluidbuffer.hpp">
			<Filter>addons\ofxOpenCv\libs\opencv\opencv\include\opencv2\gapi\fluid</Filter>
		</ClInclude>
		<ClInclude Include="..\openFrameworks\addons\ofxOpenCv\libs\opencv\opencv\include\opencv2\gapi\fluid\gfluidkernel.hpp">
			<Filter>addons\ofxOpenCv\libs\opencv\opencv\include\opencv2\gapi\fluid</Filter>
		</ClInclude>
		<ClInclude Include="..\openFrameworks\addons\ofxOpenCv\libs\opencv\opencv\include\opencv2\gapi\fluid\imgproc.hpp">
			<Filter>addons\ofxOpenCv\libs\opencv\opencv\include\opencv2\gapi\fluid</Filter>
		</ClInclude>
		<ClInclude Include="..\openFrameworks\addons\ofxOpenCv\libs\opencv\opencv\include\opencv2\gapi\garg.hpp">
			<Filter>addons\ofxOpenCv\libs\opencv\opencv\include\opencv2\gapi</Filter>
		</ClInclude>
		<ClInclude Include="..\openFrameworks\addons\ofxOpenCv\libs\opencv\opencv\include\opencv2\gapi\garray.hpp">
			<Filter>addons\ofxOpenCv\libs\opencv\opencv\include\opencv2\gapi</Filter>
		</ClInclude>
		<ClInclude Include="..\openFrameworks\addons\ofxOpenCv\libs\opencv\opencv\include\opencv2\gapi\gasync_context.hpp">
			<Filter>addons\ofxOpenCv\libs\opencv\opencv\include\opencv2\gapi</Filter>
		</ClInclude>
		<ClInclude Include="..\openFrameworks\addons\ofxOpenCv\libs\opencv\opencv\include\opencv2\gapi\gcall.hpp">
			<Filter>addons\ofxOpenCv\libs\opencv\opencv\include\opencv2\gapi</Filter>
		</ClInclude>
		<ClInclude Include="..\openFrameworks\addons\ofxOpenCv\libs\opencv\opencv\include\opencv2\gapi\gcommon.hpp">
			<Filter>addons\ofxOpenCv\libs\opencv\opencv\include\opencv2\gapi</Filter>
		</ClInclude>
		<ClInclude Include="..\openFrameworks\addons\ofxOpenCv\libs\opencv\opencv\include\opencv2\gapi\gcompiled.hpp">
			<Filter>addons\ofxOpenCv\libs\opencv\opencv\include\opencv2\gapi</Filter>
		</ClInclude>
		<ClInclude Include="..\openFrameworks\addons\ofxOpenCv\libs\opencv\opencv\include\opencv2\gapi\gcompiled_async.hpp">
			<Filter>addons\ofxOpenCv\libs\opencv\opencv\include\opencv2\gapi</Filter>
		</ClInclude>
		<ClInclude Include="..\openFrameworks\addons\ofxOpenCv\libs\opencv\opencv\include\opencv2\gapi\gcompoundkernel.hpp">
			<Filter>addons\ofxOpenCv\libs\opencv\opencv\include\opencv2\gapi</Filter>
		</ClInclude>
		<ClInclude Include="..\openFrameworks\addons\ofxOpenCv\libs\opencv\opencv\include\opencv2\gapi\gcomputation.hpp">
			<Filter>addons\ofxOpenCv\libs\opencv\opencv\include\opencv2\gapi</Filter>
		</ClInclude>
		<ClInclude Include="..\openFrameworks\addons\ofxOpenCv\libs\opencv\opencv\include\opencv2\gapi\gcomputation_async.hpp">
			<Filter>addons\ofxOpenCv\libs\opencv\opencv\include\opencv2\gapi</Filter>
		</ClInclude>
		<ClInclude Include="..\openFrameworks\addons\ofxOpenCv\libs\opencv\opencv\include\opencv2\gapi\gframe.hpp">
			<Filter>addons\ofxOpenCv\libs\opencv\opencv\include\opencv2\gapi</Filter>
		</ClInclude>
		<ClInclude Include="..\openFrameworks\addons\ofxOpenCv\libs\opencv\opencv\include\opencv2\gapi\gkernel.hpp">
			<Filter>addons\ofxOpenCv\libs\opencv\opencv\include\opencv2\gapi</Filter>
		</ClInclude>
		<ClInclude Include="..\openFrameworks\addons\ofxOpenCv\libs\opencv\opencv\include\opencv2\gapi\gmat.hpp">
			<Filter>addons\ofxOpenCv\libs\opencv\opencv\include\opencv2\gapi</Filter>
		</ClInclude>
		<ClInclude Include="..\openFrameworks\addons\ofxOpenCv\libs\opencv\opencv\include\opencv2\gapi\gmetaarg.hpp">
			<Filter>addons\ofxOpenCv\libs\opencv\opencv\include\opencv2\gapi</Filter>
		</ClInclude>
		<ClInclude Include="..\openFrameworks\addons\ofxOpenCv\libs\opencv\opencv\include\opencv2\gapi\gopaque.hpp">
			<Filter>addons\ofxOpenCv\libs\opencv\opencv\include\opencv2\gapi</Filter>
		</ClInclude>
		<ClInclude Include="..\openFrameworks\addons\ofxOpenCv\libs\opencv\opencv\include\opencv2\gapi\gproto.hpp">
			<Filter>addons\ofxOpenCv\libs\opencv\opencv\include\opencv2\gapi</Filter>
		</ClInclude>
		<ClInclude Include="..\openFrameworks\addons\ofxOpenCv\libs\opencv\opencv\include\opencv2\gapi\gpu\core.hpp">
			<Filter>addons\ofxOpenCv\libs\opencv\opencv\include\opencv2\gapi\gpu</Filter>
		</ClInclude>
		<ClInclude Include="..\openFrameworks\addons\ofxOpenCv\libs\opencv\opencv\include\opencv2\gapi\gpu\ggpukernel.hpp">
			<Filter>addons\ofxOpenCv\libs\opencv\opencv\include\opencv2\gapi\gpu</Filter>
		</ClInclude>
		<ClInclude Include="..\openFrameworks\addons\ofxOpenCv\libs\opencv\opencv\include\opencv2\gapi\gpu\imgproc.hpp">
			<Filter>addons\ofxOpenCv\libs\opencv\opencv\include\opencv2\gapi\gpu</Filter>
		</ClInclude>
		<ClInclude Include="..\openFrameworks\addons\ofxOpenCv\libs\opencv\opencv\include\opencv2\gapi\gscalar.hpp">
			<Filter>addons\ofxOpenCv\libs\opencv\opencv\include\opencv2\gapi</Filter>
		</ClInclude>
		<ClInclude Include="..\openFrameworks\addons\ofxOpenCv\libs\opencv\opencv\include\opencv2\gapi\gstreaming.hpp">
			<Filter>addons\ofxOpenCv\libs\opencv\opencv\include\opencv2\gapi</Filter>
		</ClInclude>
		<ClInclude Include="..\openFrameworks\addons\ofxOpenCv\libs\opencv\opencv\include\opencv2\gapi\gtransform.hpp">
			<Filter>addons\ofxOpenCv\libs\opencv\opencv\include\opencv2\gapi</Filter>
		</ClInclude>
		<ClInclude Include="..\openFrameworks\addons\ofxOpenCv\libs\opencv\opencv\include\opencv2\gapi\gtyped.hpp">
			<Filter>addons\ofxOpenCv\libs\opencv\opencv\include\opencv2\gapi</Filter>
		</ClInclude>
		<ClInclude Include="..\openFrameworks\addons\ofxOpenCv\libs\opencv\opencv\include\opencv2\gapi\gtype_traits.hpp">
			<Filter>addons\ofxOpenCv\libs\opencv\opencv\include\opencv2\gapi</Filter>
		</ClInclude>
		<ClInclude Include="..\openFrameworks\addons\ofxOpenCv\libs\opencv\opencv\include\opencv2\gapi\imgproc.hpp">
			<Filter>addons\ofxOpenCv\libs\opencv\opencv\include\opencv2\gapi</Filter>
		</ClInclude>
		<ClInclude Include="..\openFrameworks\addons\ofxOpenCv\libs\opencv\opencv\include\opencv2\gapi\infer\bindings_ie.hpp">
			<Filter>addons\ofxOpenCv\libs\opencv\opencv\include\opencv2\gapi\infer</Filter>
		</ClInclude>
		<ClInclude Include="..\openFrameworks\addons\ofxOpenCv\libs\opencv\opencv\include\opencv2\gapi\infer\ie.hpp">
			<Filter>addons\ofxOpenCv\libs\opencv\opencv\include\opencv2\gapi\infer</Filter>
		</ClInclude>
		<ClInclude Include="..\openFrameworks\addons\ofxOpenCv\libs\opencv\opencv\include\opencv2\gapi\infer\onnx.hpp">
			<Filter>addons\ofxOpenCv\libs\opencv\opencv\include\opencv2\gapi\infer</Filter>
		</ClInclude>
		<ClInclude Include="..\openFrameworks\addons\ofxOpenCv\libs\opencv\opencv\include\opencv2\gapi\infer\parsers.hpp">
			<Filter>addons\ofxOpenCv\libs\opencv\opencv\include\opencv2\gapi\infer</Filter>
		</ClInclude>
		<ClInclude Include="..\openFrameworks\addons\ofxOpenCv\libs\opencv\opencv\include\opencv2\gapi\infer.hpp">
			<Filter>addons\ofxOpenCv\libs\opencv\opencv\include\opencv2\gapi</Filter>
		</ClInclude>
		<ClInclude Include="..\openFrameworks\addons\ofxOpenCv\libs\opencv\opencv\include\opencv2\gapi\media.hpp">
			<Filter>addons\ofxOpenCv\libs\opencv\opencv\include\opencv2\gapi</Filter>
		</ClInclude>
		<ClInclude Include="..\openFrameworks\addons\ofxOpenCv\libs\opencv\opencv\include\opencv2\gapi\oak\infer.hpp">
			<Filter>addons\ofxOpenCv\libs\opencv\opencv\include\opencv2\gapi\oak</Filter>
		</ClInclude>
		<ClInclude Include="..\openFrameworks\addons\ofxOpenCv\libs\opencv\opencv\include\opencv2\gapi\oak\oak.hpp">
			<Filter>addons\ofxOpenCv\libs\opencv\opencv\include\opencv2\gapi\oak</Filter>
		</ClInclude>
		<ClInclude Include="..\openFrameworks\addons\ofxOpenCv\libs\opencv\opencv\include\opencv2\gapi\ocl\core.hpp">
			<Filter>addons\ofxOpenCv\libs\opencv\opencv\include\opencv2\gapi\ocl</Filter>
		</ClInclude>
		<ClInclude Include="..\openFrameworks\addons\ofxOpenCv\libs\opencv\opencv\include\opencv2\gapi\ocl\goclkernel.hpp">
			<Filter>addons\ofxOpenCv\libs\opencv\opencv\include\opencv2\gapi\ocl</Filter>
		</ClInclude>
		<ClInclude Include="..\openFrameworks\addons\ofxOpenCv\libs\opencv\opencv\include\opencv2\gapi\ocl\imgproc.hpp">
			<Filter>addons\ofxOpenCv\libs\opencv\opencv\include\opencv2\gapi\ocl</Filter>
		</ClInclude>
		<ClInclude Include="..\openFrameworks\addons\ofxOpenCv\libs\opencv\opencv\include\opencv2\gapi\opencv_includes.hpp">
			<Filter>addons\ofxOpenCv\libs\opencv\opencv\include\opencv2\gapi</Filter>
		</ClInclude>
		<ClInclude Include="..\openFrameworks\addons\ofxOpenCv\libs\opencv\opencv\include\opencv2\gapi\operators.hpp">
			<Filter>addons\ofxOpenCv\libs\opencv\opencv\include\opencv2\gapi</Filter>
		</ClInclude>
		<ClInclude Include="..\openFrameworks\addons\ofxOpenCv\libs\opencv\opencv\include\opencv2\gapi\own\assert.hpp">
			<Filter>addons\ofxOpenCv\libs\opencv\opencv\include\opencv2\gapi\own</Filter>
		</ClInclude>
		<ClInclude Include="..\openFrameworks\addons\ofxOpenCv\libs\opencv\opencv\include\opencv2\gapi\own\convert.hpp">
			<Filter>addons\ofxOpenCv\libs\opencv\opencv\include\opencv2\gapi\own</Filter>
		</ClInclude>
		<ClInclude Include="..\openFrameworks\addons\ofxOpenCv\libs\opencv\opencv\include\opencv2\gapi\own\cvdefs.hpp">
			<Filter>addons\ofxOpenCv\libs\opencv\opencv\include\opencv2\gapi\own</Filter>
		</ClInclude>
		<ClInclude Include="..\openFrameworks\addons\ofxOpenCv\libs\opencv\opencv\include\opencv2\gapi\own\exports.hpp">
			<Filter>addons\ofxOpenCv\libs\opencv\opencv\include\opencv2\gapi\own</Filter>
		</ClInclude>
		<ClInclude Include="..\openFrameworks\addons\ofxOpenCv\libs\opencv\opencv\include\opencv2\gapi\own\mat.hpp">
			<Filter>addons\ofxOpenCv\libs\opencv\opencv\include\opencv2\gapi\own</Filter>
		</ClInclude>
		<ClInclude Include="..\openFrameworks\addons\ofxOpenCv\libs\opencv\opencv\include\opencv2\gapi\own\saturate.hpp">
			<Filter>addons\ofxOpenCv\libs\opencv\opencv\include\opencv2\gapi\own</Filter>
		</ClInclude>
		<ClInclude Include="..\openFrameworks\addons\ofxOpenCv\libs\opencv\opencv\include\opencv2\gapi\own\scalar.hpp">
			<Filter>addons\ofxOpenCv\libs\opencv\opencv\include\opencv2\gapi\own</Filter>
		</ClInclude>
		<ClInclude Include="..\openFrameworks\addons\ofxOpenCv\libs\opencv\opencv\include\opencv2\gapi\own\types.hpp">
			<Filter>addons\ofxOpenCv\libs\opencv\opencv\include\opencv2\gapi\own</Filter>
		</ClInclude>
		<ClInclude Include="..\openFrameworks\addons\ofxOpenCv\libs\opencv\opencv\include\opencv2\gapi\plaidml\core.hpp">
			<Filter>addons\ofxOpenCv\libs\opencv\opencv\include\opencv2\gapi\plaidml</Filter>
		</ClInclude>
		<ClInclude Include="..\openFrameworks\addons\ofxOpenCv\libs\opencv\opencv\include\opencv2\gapi\plaidml\gplaidmlkernel.hpp">
			<Filter>addons\ofxOpenCv\libs\opencv\opencv\include\opencv2\gapi\plaidml</Filter>
		</ClInclude>
		<ClInclude Include="..\openFrameworks\addons\ofxOpenCv\libs\opencv\opencv\include\opencv2\gapi\plaidml\plaidml.hpp">
			<Filter>addons\ofxOpenCv\libs\opencv\opencv\include\opencv2\gapi\plaidml</Filter>
		</ClInclude>
		<ClInclude Include="..\openFrameworks\addons\ofxOpenCv\libs\opencv\opencv\include\opencv2\gapi\python\python.hpp">
			<Filter>addons\ofxOpenCv\libs\opencv\opencv\include\opencv2\gapi\python</Filter>
		</ClInclude>
		<ClInclude Include="..\openFrameworks\addons\ofxOpenCv\libs\opencv\opencv\include\opencv2\gapi\render\render.hpp">
			<Filter>addons\ofxOpenCv\libs\opencv\opencv\include\opencv2\gapi\render</Filter>
		</ClInclude>
		<ClInclude Include="..\openFrameworks\addons\ofxOpenCv\libs\opencv\opencv\include\opencv2\gapi\render\render_types.hpp">
			<Filter>addons\ofxOpenCv\libs\opencv\opencv\include\opencv2\gapi\render</Filter>
		</ClInclude>
		<ClInclude Include="..\openFrameworks\addons\ofxOpenCv\libs\opencv\opencv\include\opencv2\gapi\render.hpp">
			<Filter>addons\ofxOpenCv\libs\opencv\opencv\include\opencv2\gapi</Filter>
		</ClInclude>
		<ClInclude Include="..\openFrameworks\addons\ofxOpenCv\libs\opencv\opencv\include\opencv2\gapi\rmat.hpp">
			<Filter>addons\ofxOpenCv\libs\opencv\opencv\include\opencv2\gapi</Filter>
		</ClInclude>
		<ClInclude Include="..\openFrameworks\addons\ofxOpenCv\libs\opencv\opencv\include\opencv2\gapi\s11n\base.hpp">
			<Filter>addons\ofxOpenCv\libs\opencv\opencv\include\opencv2\gapi\s11n</Filter>
		</ClInclude>
		<ClInclude Include="..\openFrameworks\addons\ofxOpenCv\libs\opencv\opencv\include\opencv2\gapi\s11n.hpp">
			<Filter>addons\ofxOpenCv\libs\opencv\opencv\include\opencv2\gapi</Filter>
		</ClInclude>
		<ClInclude Include="..\openFrameworks\addons\ofxOpenCv\libs\opencv\opencv\include\opencv2\gapi\stereo.hpp">
			<Filter>addons\ofxOpenCv\libs\opencv\opencv\include\opencv2\gapi</Filter>
		</ClInclude>
		<ClInclude Include="..\openFrameworks\addons\ofxOpenCv\libs\opencv\opencv\include\opencv2\gapi\streaming\cap.hpp">
			<Filter>addons\ofxOpenCv\libs\opencv\opencv\include\opencv2\gapi\streaming</Filter>
		</ClInclude>
		<ClInclude Include="..\openFrameworks\addons\ofxOpenCv\libs\opencv\opencv\include\opencv2\gapi\streaming\desync.hpp">
			<Filter>addons\ofxOpenCv\libs\opencv\opencv\include\opencv2\gapi\streaming</Filter>
		</ClInclude>
		<ClInclude Include="..\openFrameworks\addons\ofxOpenCv\libs\opencv\opencv\include\opencv2\gapi\streaming\format.hpp">
			<Filter>addons\ofxOpenCv\libs\opencv\opencv\include\opencv2\gapi\streaming</Filter>
		</ClInclude>
		<ClInclude Include="..\openFrameworks\addons\ofxOpenCv\libs\opencv\opencv\include\opencv2\gapi\streaming\gstreamer\gstreamerpipeline.hpp">
			<Filter>addons\ofxOpenCv\libs\opencv\opencv\include\opencv2\gapi\streaming\gstreamer</Filter>
		</ClInclude>
		<ClInclude Include="..\openFrameworks\addons\ofxOpenCv\libs\opencv\opencv\include\opencv2\gapi\streaming\gstreamer\gstreamersource.hpp">
			<Filter>addons\ofxOpenCv\libs\opencv\opencv\include\opencv2\gapi\streaming\gstreamer</Filter>
		</ClInclude>
		<ClInclude Include="..\openFrameworks\addons\ofxOpenCv\libs\opencv\opencv\include\opencv2\gapi\streaming\meta.hpp">
			<Filter>addons\ofxOpenCv\libs\opencv\opencv\include\opencv2\gapi\streaming</Filter>
		</ClInclude>
		<ClInclude Include="..\openFrameworks\addons\ofxOpenCv\libs\opencv\opencv\include\opencv2\gapi\streaming\onevpl\accel_types.hpp">
			<Filter>addons\ofxOpenCv\libs\opencv\opencv\include\opencv2\gapi\streaming\onevpl</Filter>
		</ClInclude>
		<ClInclude Include="..\openFrameworks\addons\ofxOpenCv\libs\opencv\opencv\include\opencv2\gapi\streaming\onevpl\cfg_params.hpp">
			<Filter>addons\ofxOpenCv\libs\opencv\opencv\include\opencv2\gapi\streaming\onevpl</Filter>
		</ClInclude>
		<ClInclude Include="..\openFrameworks\addons\ofxOpenCv\libs\opencv\opencv\include\opencv2\gapi\streaming\onevpl\data_provider_interface.hpp">
			<Filter>addons\ofxOpenCv\libs\opencv\opencv\include\opencv2\gapi\streaming\onevpl</Filter>
		</ClInclude>
		<ClInclude Include="..\openFrameworks\addons\ofxOpenCv\libs\opencv\opencv\include\opencv2\gapi\streaming\onevpl\device_selector_interface.hpp">
			<Filter>addons\ofxOpenCv\libs\opencv\opencv\include\opencv2\gapi\streaming\onevpl</Filter>
		</ClInclude>
		<ClInclude Include="..\openFrameworks\addons\ofxOpenCv\libs\opencv\opencv\include\opencv2\gapi\streaming\onevpl\source.hpp">
			<Filter>addons\ofxOpenCv\libs\opencv\opencv\include\opencv2\gapi\streaming\onevpl</Filter>
		</ClInclude>
		<ClInclude Include="..\openFrameworks\addons\ofxOpenCv\libs\opencv\opencv\include\opencv2\gapi\streaming\source.hpp">
			<Filter>addons\ofxOpenCv\libs\opencv\opencv\include\opencv2\gapi\streaming</Filter>
		</ClInclude>
		<ClInclude Include="..\openFrameworks\addons\ofxOpenCv\libs\opencv\opencv\include\opencv2\gapi\streaming\sync.hpp">
			<Filter>addons\ofxOpenCv\libs\opencv\opencv\include\opencv2\gapi\streaming</Filter>
		</ClInclude>
		<ClInclude Include="..\openFrameworks\addons\ofxOpenCv\libs\opencv\opencv\include\opencv2\gapi\util\any.hpp">
			<Filter>addons\ofxOpenCv\libs\opencv\opencv\include\opencv2\gapi\util</Filter>
		</ClInclude>
		<ClInclude Include="..\openFrameworks\addons\ofxOpenCv\libs\opencv\opencv\include\opencv2\gapi\util\compiler_hints.hpp">
			<Filter>addons\ofxOpenCv\libs\opencv\opencv\include\opencv2\gapi\util</Filter>
		</ClInclude>
		<ClInclude Include="..\openFrameworks\addons\ofxOpenCv\libs\opencv\opencv\include\opencv2\gapi\util\copy_through_move.hpp">
			<Filter>addons\ofxOpenCv\libs\opencv\opencv\include\opencv2\gapi\util</Filter>
		</ClInclude>
		<ClInclude Include="..\openFrameworks\addons\ofxOpenCv\libs\opencv\opencv\include\opencv2\gapi\util\optional.hpp">
			<Filter>addons\ofxOpenCv\libs\opencv\opencv\include\opencv2\gapi\util</Filter>
		</ClInclude>
		<ClInclude Include="..\openFrameworks\addons\ofxOpenCv\libs\opencv\opencv\include\opencv2\gapi\util\throw.hpp">
			<Filter>addons\ofxOpenCv\libs\opencv\opencv\include\opencv2\gapi\util</Filter>
		</ClInclude>
		<ClInclude Include="..\openFrameworks\addons\ofxOpenCv\libs\opencv\opencv\include\opencv2\gapi\util\type_traits.hpp">
			<Filter>addons\ofxOpenCv\libs\opencv\opencv\include\opencv2\gapi\util</Filter>
		</ClInclude>
		<ClInclude Include="..\openFrameworks\addons\ofxOpenCv\libs\opencv\opencv\include\opencv2\gapi\util\util.hpp">
			<Filter>addons\ofxOpenCv\libs\opencv\opencv\include\opencv2\gapi\util</Filter>
		</ClInclude>
		<ClInclude Include="..\openFrameworks\addons\ofxOpenCv\libs\opencv\opencv\include\opencv2\gapi\util\variant.hpp">
			<Filter>addons\ofxOpenCv\libs\opencv\opencv\include\opencv2\gapi\util</Filter>
		</ClInclude>
		<ClInclude Include="..\openFrameworks\addons\ofxOpenCv\libs\opencv\opencv\include\opencv2\gapi\video.hpp">
			<Filter>addons\ofxOpenCv\libs\opencv\opencv\include\opencv2\gapi</Filter>
		</ClInclude>
		<ClInclude Include="..\openFrameworks\addons\ofxOpenCv\libs\opencv\opencv\include\opencv2\gapi.hpp">
			<Filter>addons\ofxOpenCv\libs\opencv\opencv\include\opencv2</Filter>
		</ClInclude>
		<ClInclude Include="..\openFrameworks\addons\ofxOpenCv\libs\opencv\opencv\include\opencv2\highgui\highgui.hpp">
			<Filter>addons\ofxOpenCv\libs\opencv\opencv\include\opencv2\highgui</Filter>
		</ClInclude>
		<ClInclude Include="..\openFrameworks\addons\ofxOpenCv\libs\opencv\opencv\include\opencv2\highgui\highgui_c.h">
			<Filter>addons\ofxOpenCv\libs\opencv\opencv\include\opencv2\highgui</Filter>
		</ClInclude>
		<ClInclude Include="..\openFrameworks\addons\ofxOpenCv\libs\opencv\opencv\include\opencv2\highgui\highgui_winrt.hpp">
			<Filter>addons\ofxOpenCv\libs\opencv\opencv\include\opencv2\highgui</Filter>
		</ClInclude>
		<ClInclude Include="..\openFrameworks\addons\ofxOpenCv\libs\opencv\opencv\include\opencv2\highgui.hpp">
			<Filter>addons\ofxOpenCv\libs\opencv\opencv\include\opencv2</Filter>
		</ClInclude>
		<ClInclude Include="..\openFrameworks\addons\ofxOpenCv\libs\opencv\opencv\include\opencv2\imgcodecs\imgcodecs.hpp">
			<Filter>addons\ofxOpenCv\libs\opencv\opencv\include\opencv2\imgcodecs</Filter>
		</ClInclude>
		<ClInclude Include="..\openFrameworks\addons\ofxOpenCv\libs\opencv\opencv\include\opencv2\imgcodecs\imgcodecs_c.h">
			<Filter>addons\ofxOpenCv\libs\opencv\opencv\include\opencv2\imgcodecs</Filter>
		</ClInclude>
		<ClInclude Include="..\openFrameworks\addons\ofxOpenCv\libs\opencv\opencv\include\opencv2\imgcodecs\ios.h">
			<Filter>addons\ofxOpenCv\libs\opencv\opencv\include\opencv2\imgcodecs</Filter>
		</ClInclude>
		<ClInclude Include="..\openFrameworks\addons\ofxOpenCv\libs\opencv\opencv\include\opencv2\imgcodecs\legacy\constants_c.h">
			<Filter>addons\ofxOpenCv\libs\opencv\opencv\include\opencv2\imgcodecs\legacy</Filter>
		</ClInclude>
		<ClInclude Include="..\openFrameworks\addons\ofxOpenCv\libs\opencv\opencv\include\opencv2\imgcodecs\macosx.h">
			<Filter>addons\ofxOpenCv\libs\opencv\opencv\include\opencv2\imgcodecs</Filter>
		</ClInclude>
		<ClInclude Include="..\openFrameworks\addons\ofxOpenCv\libs\opencv\opencv\include\opencv2\imgcodecs.hpp">
			<Filter>addons\ofxOpenCv\libs\opencv\opencv\include\opencv2</Filter>
		</ClInclude>
		<ClInclude Include="..\openFrameworks\addons\ofxOpenCv\libs\opencv\opencv\include\opencv2\imgproc\bindings.hpp">
			<Filter>addons\ofxOpenCv\libs\opencv\opencv\include\opencv2\imgproc</Filter>
		</ClInclude>
		<ClInclude Include="..\openFrameworks\addons\ofxOpenCv\libs\opencv\opencv\include\opencv2\imgproc\detail\gcgraph.hpp">
			<Filter>addons\ofxOpenCv\libs\opencv\opencv\include\opencv2\imgproc\detail</Filter>
		</ClInclude>
		<ClInclude Include="..\openFrameworks\addons\ofxOpenCv\libs\opencv\opencv\include\opencv2\imgproc\hal\hal.hpp">
			<Filter>addons\ofxOpenCv\libs\opencv\opencv\include\opencv2\imgproc\hal</Filter>
		</ClInclude>
		<ClInclude Include="..\openFrameworks\addons\ofxOpenCv\libs\opencv\opencv\include\opencv2\imgproc\hal\interface.h">
			<Filter>addons\ofxOpenCv\libs\opencv\opencv\include\opencv2\imgproc\hal</Filter>
		</ClInclude>
		<ClInclude Include="..\openFrameworks\addons\ofxOpenCv\libs\opencv\opencv\include\opencv2\imgproc\imgproc.hpp">
			<Filter>addons\ofxOpenCv\libs\opencv\opencv\include\opencv2\imgproc</Filter>
		</ClInclude>
		<ClInclude Include="..\openFrameworks\addons\ofxOpenCv\libs\opencv\opencv\include\opencv2\imgproc\imgproc_c.h">
			<Filter>addons\ofxOpenCv\libs\opencv\opencv\include\opencv2\imgproc</Filter>
		</ClInclude>
		<ClInclude Include="..\openFrameworks\addons\ofxOpenCv\libs\opencv\opencv\include\opencv2\imgproc\segmentation.hpp">
			<Filter>addons\ofxOpenCv\libs\opencv\opencv\include\opencv2\imgproc</Filter>
		</ClInclude>
		<ClInclude Include="..\openFrameworks\addons\ofxOpenCv\libs\opencv\opencv\include\opencv2\imgproc\types_c.h">
			<Filter>addons\ofxOpenCv\libs\opencv\opencv\include\opencv2\imgproc</Filter>
		</ClInclude>
		<ClInclude Include="..\openFrameworks\addons\ofxOpenCv\libs\opencv\opencv\include\opencv2\imgproc.hpp">
			<Filter>addons\ofxOpenCv\libs\opencv\opencv\include\opencv2</Filter>
		</ClInclude>
		<ClInclude Include="..\openFrameworks\addons\ofxOpenCv\libs\opencv\opencv\include\opencv2\ml\ml.hpp">
			<Filter>addons\ofxOpenCv\libs\opencv\opencv\include\opencv2\ml</Filter>
		</ClInclude>
		<ClInclude Include="..\openFrameworks\addons\ofxOpenCv\libs\opencv\opencv\include\opencv2\ml\ml.inl.hpp">
			<Filter>addons\ofxOpenCv\libs\opencv\opencv\include\opencv2\ml</Filter>
		</ClInclude>
		<ClInclude Include="..\openFrameworks\addons\ofxOpenCv\libs\opencv\opencv\include\opencv2\ml.hpp">
			<Filter>addons\ofxOpenCv\libs\opencv\opencv\include\opencv2</Filter>
		</ClInclude>
		<ClInclude Include="..\openFrameworks\addons\ofxOpenCv\libs\opencv\opencv\include\opencv2\objdetect\detection_based_tracker.hpp">
			<Filter>addons\ofxOpenCv\libs\opencv\opencv\include\opencv2\objdetect</Filter>
		</ClInclude>
		<ClInclude Include="..\openFrameworks\addons\ofxOpenCv\libs\opencv\opencv\include\opencv2\objdetect\face.hpp">
			<Filter>addons\ofxOpenCv\libs\opencv\opencv\include\opencv2\objdetect</Filter>
		</ClInclude>
		<ClInclude Include="..\openFrameworks\addons\ofxOpenCv\libs\opencv\opencv\include\opencv2\objdetect\objdetect.hpp">
			<Filter>addons\ofxOpenCv\libs\opencv\opencv\include\opencv2\objdetect</Filter>
		</ClInclude>
		<ClInclude Include="..\openFrameworks\addons\ofxOpenCv\libs\opencv\opencv\include\opencv2\objdetect.hpp">
			<Filter>addons\ofxOpenCv\libs\opencv\opencv\include\opencv2</Filter>
		</ClInclude>
		<ClInclude Include="..\openFrameworks\addons\ofxOpenCv\libs\opencv\opencv\include\opencv2\opencv.hpp">
			<Filter>addons\ofxOpenCv\libs\opencv\opencv\include\opencv2</Filter>
		</ClInclude>
		<ClInclude Include="..\openFrameworks\addons\ofxOpenCv\libs\opencv\opencv\include\opencv2\opencv_modules.hpp">
			<Filter>addons\ofxOpenCv\libs\opencv\opencv\include\opencv2</Filter>
		</ClInclude>
		<ClInclude Include="..\openFrameworks\addons\ofxOpenCv\libs\opencv\opencv\include\opencv2\photo\cuda.hpp">
			<Filter>addons\ofxOpenCv\libs\opencv\opencv\include\opencv2\photo</Filter>
		</ClInclude>
		<ClInclude Include="..\openFrameworks\addons\ofxOpenCv\libs\opencv\opencv\include\opencv2\photo\legacy\constants_c.h">
			<Filter>addons\ofxOpenCv\libs\opencv\opencv\include\opencv2\photo\legacy</Filter>
		</ClInclude>
		<ClInclude Include="..\openFrameworks\addons\ofxOpenCv\libs\opencv\opencv\include\opencv2\photo\photo.hpp">
			<Filter>addons\ofxOpenCv\libs\opencv\opencv\include\opencv2\photo</Filter>
		</ClInclude>
		<ClInclude Include="..\openFrameworks\addons\ofxOpenCv\libs\opencv\opencv\include\opencv2\photo.hpp">
			<Filter>addons\ofxOpenCv\libs\opencv\opencv\include\opencv2</Filter>
		</ClInclude>
		<ClInclude Include="..\openFrameworks\addons\ofxOpenCv\libs\opencv\opencv\include\opencv2\stitching\detail\autocalib.hpp">
			<Filter>addons\ofxOpenCv\libs\opencv\opencv\include\opencv2\stitching\detail</Filter>
		</ClInclude>
		<ClInclude Include="..\openFrameworks\addons\ofxOpenCv\libs\opencv\opencv\include\opencv2\stitching\detail\blenders.hpp">
			<Filter>addons\ofxOpenCv\libs\opencv\opencv\include\opencv2\stitching\detail</Filter>
		</ClInclude>
		<ClInclude Include="..\openFrameworks\addons\ofxOpenCv\libs\opencv\opencv\include\opencv2\stitching\detail\camera.hpp">
			<Filter>addons\ofxOpenCv\libs\opencv\opencv\include\opencv2\stitching\detail</Filter>
		</ClInclude>
		<ClInclude Include="..\openFrameworks\addons\ofxOpenCv\libs\opencv\opencv\include\opencv2\stitching\detail\exposure_compensate.hpp">
			<Filter>addons\ofxOpenCv\libs\opencv\opencv\include\opencv2\stitching\detail</Filter>
		</ClInclude>
		<ClInclude Include="..\openFrameworks\addons\ofxOpenCv\libs\opencv\opencv\include\opencv2\stitching\detail\matchers.hpp">
			<Filter>addons\ofxOpenCv\libs\opencv\opencv\include\opencv2\stitching\detail</Filter>
		</ClInclude>
		<ClInclude Include="..\openFrameworks\addons\ofxOpenCv\libs\opencv\opencv\include\opencv2\stitching\detail\motion_estimators.hpp">
			<Filter>addons\ofxOpenCv\libs\opencv\opencv\include\opencv2\stitching\detail</Filter>
		</ClInclude>
		<ClInclude Include="..\openFrameworks\addons\ofxOpenCv\libs\opencv\opencv\include\opencv2\stitching\detail\seam_finders.hpp">
			<Filter>addons\ofxOpenCv\libs\opencv\opencv\include\opencv2\stitching\detail</Filter>
		</ClInclude>
		<ClInclude Include="..\openFrameworks\addons\ofxOpenCv\libs\opencv\opencv\include\opencv2\stitching\detail\timelapsers.hpp">
			<Filter>addons\ofxOpenCv\libs\opencv\opencv\include\opencv2\stitching\detail</Filter>
		</ClInclude>
		<ClInclude Include="..\openFrameworks\addons\ofxOpenCv\libs\opencv\opencv\include\opencv2\stitching\detail\util.hpp">
			<Filter>addons\ofxOpenCv\libs\opencv\opencv\include\opencv2\stitching\detail</Filter>
		</ClInclude>
		<ClInclude Include="..\openFrameworks\addons\ofxOpenCv\libs\opencv\opencv\include\opencv2\stitching\detail\util_inl.hpp">
			<Filter>addons\ofxOpenCv\libs\opencv\opencv\include\opencv2\stitching\detail</Filter>
		</ClInclude>
		<ClInclude Include="..\openFrameworks\addons\ofxOpenCv\libs\opencv\opencv\include\opencv2\stitching\detail\warpers.hpp">
			<Filter>addons\ofxOpenCv\libs\opencv\opencv\include\opencv2\stitching\detail</Filter>
		</ClInclude>
		<ClInclude Include="..\openFrameworks\addons\ofxOpenCv\libs\opencv\opencv\include\opencv2\stitching\detail\warpers_inl.hpp">
			<Filter>addons\ofxOpenCv\libs\opencv\opencv\include\opencv2\stitching\detail</Filter>
		</ClInclude>
		<ClInclude Include="..\openFrameworks\addons\ofxOpenCv\libs\opencv\opencv\include\opencv2\stitching\warpers.hpp">
			<Filter>addons\ofxOpenCv\libs\opencv\opencv\include\opencv2\stitching</Filter>
		</ClInclude>
		<ClInclude Include="..\openFrameworks\addons\ofxOpenCv\libs\opencv\opencv\include\opencv2\stitching.hpp">
			<Filter>addons\ofxOpenCv\libs\opencv\opencv\include\opencv2</Filter>
		</ClInclude>
		<ClInclude Include="..\openFrameworks\addons\ofxOpenCv\libs\opencv\opencv\include\opencv2\ts\cuda_perf.hpp">
			<Filter>addons\ofxOpenCv\libs\opencv\opencv\include\opencv2\ts</Filter>
		</ClInclude>
		<ClInclude Include="..\openFrameworks\addons\ofxOpenCv\libs\opencv\opencv\include\opencv2\ts\cuda_test.hpp">
			<Filter>addons\ofxOpenCv\libs\opencv\opencv\include\opencv2\ts</Filter>
		</ClInclude>
		<ClInclude Include="..\openFrameworks\addons\ofxOpenCv\libs\opencv\opencv\include\opencv2\ts\ocl_perf.hpp">
			<Filter>addons\ofxOpenCv\libs\opencv\opencv\include\opencv2\ts</Filter>
		</ClInclude>
		<ClInclude Include="..\openFrameworks\addons\ofxOpenCv\libs\opencv\opencv\include\opencv2\ts\ocl_test.hpp">
			<Filter>addons\ofxOpenCv\libs\opencv\opencv\include\opencv2\ts</Filter>
		</ClInclude>
		<ClInclude Include="..\openFrameworks\addons\ofxOpenCv\libs\opencv\opencv\include\opencv2\ts\ts_ext.hpp">
			<Filter>addons\ofxOpenCv\libs\opencv\opencv\include\opencv2\ts</Filter>
		</ClInclude>
		<ClInclude Include="..\openFrameworks\addons\ofxOpenCv\libs\opencv\opencv\include\opencv2\ts\ts_gtest.h">
			<Filter>addons\ofxOpenCv\libs\opencv\opencv\include\opencv2\ts</Filter>
		</ClInclude>
		<ClInclude Include="..\openFrameworks\addons\ofxOpenCv\libs\opencv\opencv\include\opencv2\ts\ts_perf.hpp">
			<Filter>addons\ofxOpenCv\libs\opencv\opencv\include\opencv2\ts</Filter>
		</ClInclude>
		<ClInclude Include="..\openFrameworks\addons\ofxOpenCv\libs\opencv\opencv\include\opencv2\ts.hpp">
			<Filter>addons\ofxOpenCv\libs\opencv\opencv\include\opencv2</Filter>
		</ClInclude>
		<ClInclude Include="..\openFrameworks\addons\ofxOpenCv\libs\opencv\opencv\include\opencv2\video\background_segm.hpp">
			<Filter>addons\ofxOpenCv\libs\opencv\opencv\include\opencv2\video</Filter>
		</ClInclude>
		<ClInclude Include="..\openFrameworks\addons\ofxOpenCv\libs\opencv\opencv\include\opencv2\video\detail\tracking.detail.hpp">
			<Filter>addons\ofxOpenCv\libs\opencv\opencv\include\opencv2\video\detail</Filter>
		</ClInclude>
		<ClInclude Include="..\openFrameworks\addons\ofxOpenCv\libs\opencv\opencv\include\opencv2\video\legacy\constants_c.h">
			<Filter>addons\ofxOpenCv\libs\opencv\opencv\include\opencv2\video\legacy</Filter>
		</ClInclude>
		<ClInclude Include="..\openFrameworks\addons\ofxOpenCv\libs\opencv\opencv\include\opencv2\video\tracking.hpp">
			<Filter>addons\ofxOpenCv\libs\opencv\opencv\include\opencv2\video</Filter>
		</ClInclude>
		<ClInclude Include="..\openFrameworks\addons\ofxOpenCv\libs\opencv\opencv\include\opencv2\video\video.hpp">
			<Filter>addons\ofxOpenCv\libs\opencv\opencv\include\opencv2\video</Filter>
		</ClInclude>
		<ClInclude Include="..\openFrameworks\addons\ofxOpenCv\libs\opencv\opencv\include\opencv2\video.hpp">
			<Filter>addons\ofxOpenCv\libs\opencv\opencv\include\opencv2</Filter>
		</ClInclude>
		<ClInclude Include="..\openFrameworks\addons\ofxOpenCv\libs\opencv\opencv\include\opencv2\videoio\cap_ios.h">
			<Filter>addons\ofxOpenCv\libs\opencv\opencv\include\opencv2\videoio</Filter>
		</ClInclude>
		<ClInclude Include="..\openFrameworks\addons\ofxOpenCv\libs\opencv\opencv\include\opencv2\videoio\cap_winrt.hpp">
			<Filter>addons\ofxOpenCv\libs\opencv\opencv\include\opencv2\videoio</Filter>
		</ClInclude>
		<ClInclude Include="..\openFrameworks\addons\ofxOpenCv\libs\opencv\opencv\include\opencv2\videoio\container_avi.private.hpp">
			<Filter>addons\ofxOpenCv\libs\opencv\opencv\include\opencv2\videoio</Filter>
		</ClInclude>
		<ClInclude Include="..\openFrameworks\addons\ofxOpenCv\libs\opencv\opencv\include\opencv2\videoio\doc\hwaccel.doc.hpp">
			<Filter>addons\ofxOpenCv\libs\opencv\opencv\include\opencv2\videoio\doc</Filter>
		</ClInclude>
		<ClInclude Include="..\openFrameworks\addons\ofxOpenCv\libs\opencv\opencv\include\opencv2\videoio\legacy\constants_c.h">
			<Filter>addons\ofxOpenCv\libs\opencv\opencv\include\opencv2\videoio\legacy</Filter>
		</ClInclude>
		<ClInclude Include="..\openFrameworks\addons\ofxOpenCv\libs\opencv\opencv\include\opencv2\videoio\registry.hpp">
			<Filter>addons\ofxOpenCv\libs\opencv\opencv\include\opencv2\videoio</Filter>
		</ClInclude>
		<ClInclude Include="..\openFrameworks\addons\ofxOpenCv\libs\opencv\opencv\include\opencv2\videoio\videoio.hpp">
			<Filter>addons\ofxOpenCv\libs\opencv\opencv\include\opencv2\videoio</Filter>
		</ClInclude>
		<ClInclude Include="..\openFrameworks\addons\ofxOpenCv\libs\opencv\opencv\include\opencv2\videoio\videoio_c.h">
			<Filter>addons\ofxOpenCv\libs\opencv\opencv\include\opencv2\videoio</Filter>
		</ClInclude>
		<ClInclude Include="..\openFrameworks\addons\ofxOpenCv\libs\opencv\opencv\include\opencv2\videoio.hpp">
			<Filter>addons\ofxOpenCv\libs\opencv\opencv\include\opencv2</Filter>
		</ClInclude>
		<ClInclude Include="..\openFrameworks\addons\ofxOpenCv\libs\opencv\opencv\include\opencv2\world.hpp">
			<Filter>addons\ofxOpenCv\libs\opencv\opencv\include\opencv2</Filter>
		</ClInclude>
	</ItemGroup>
	<ItemGroup>
		<ResourceCompile Include="icon.rc" />
	</ItemGroup>
</Project>
